// !$*UTF8*$!
{
	archiveVersion = 1;
	classes = {
	};
	objectVersion = 56;
	objects = {

/* Begin PBXBuildFile section */
		275CC7B32E584D3500B9D168 /* CharacterEditorComponents.swift in Sources */ = {isa = PBXBuildFile; fileRef = 275CC77B2E584D3500B9D168 /* CharacterEditorComponents.swift */; };
		275CC7B42E584D3500B9D168 /* feats.json in Resources */ = {isa = PBXBuildFile; fileRef = 275CC77D2E584D3500B9D168 /* feats.json */; };
		275CC7B52E584D3500B9D168 /* classes.json in Resources */ = {isa = PBXBuildFile; fileRef = 275CC77E2E584D3500B9D168 /* classes.json */; };
		275CC7B62E584D3500B9D168 /* backgrounds.json in Resources */ = {isa = PBXBuildFile; fileRef = 275CC77F2E584D3500B9D168 /* backgrounds.json */; };
		275CC7B72E584D3500B9D168 /* quotes.json in Resources */ = {isa = PBXBuildFile; fileRef = 275CC7802E584D3500B9D168 /* quotes.json */; };
		275CC7B82E584D3500B9D168 /* class_tables.json in Resources */ = {isa = PBXBuildFile; fileRef = 275CC7812E584D3500B9D168 /* class_tables.json */; };
		275CC7B92E584D3500B9D168 /* bestiary_5e.ndjson in Resources */ = {isa = PBXBuildFile; fileRef = 275CC7822E584D3500B9D168 /* bestiary_5e.ndjson */; };
		275CC7BA2E584D3500B9D168 /* feats_examples.json in Resources */ = {isa = PBXBuildFile; fileRef = 275CC7832E584D3500B9D168 /* feats_examples.json */; };
		275CC7BB2E584D3500B9D168 /* spells.json in Resources */ = {isa = PBXBuildFile; fileRef = 275CC7842E584D3500B9D168 /* spells.json */; };
		275CC7BC2E584D3500B9D168 /* CacheManager.swift in Sources */ = {isa = PBXBuildFile; fileRef = 275CC7862E584D3500B9D168 /* CacheManager.swift */; };
		275CC7BD2E584D3500B9D168 /* FavoritesManager.swift in Sources */ = {isa = PBXBuildFile; fileRef = 275CC7872E584D3500B9D168 /* FavoritesManager.swift */; };
		275CC7BE2E584D3500B9D168 /* ThemeManager.swift in Sources */ = {isa = PBXBuildFile; fileRef = 275CC7882E584D3500B9D168 /* ThemeManager.swift */; };
		275CC7BF2E584D3500B9D168 /* QuoteManager.swift in Sources */ = {isa = PBXBuildFile; fileRef = 275CC7892E584D3500B9D168 /* QuoteManager.swift */; };
		275CC7C02E584D3500B9D168 /* Assets.xcassets in Resources */ = {isa = PBXBuildFile; fileRef = 275CC78A2E584D3500B9D168 /* Assets.xcassets */; };
		275CC7C12E584D3500B9D168 /* CharacterModels.swift in Sources */ = {isa = PBXBuildFile; fileRef = 275CC78C2E584D3500B9D168 /* CharacterModels.swift */; };
		275CC7C22E584D3500B9D168 /* Models.swift in Sources */ = {isa = PBXBuildFile; fileRef = 275CC78D2E584D3500B9D168 /* Models.swift */; };
		275CC7C32E584D3500B9D168 /* QuoteModels.swift in Sources */ = {isa = PBXBuildFile; fileRef = 275CC78E2E584D3500B9D168 /* QuoteModels.swift */; };
		275CC7C42E584D3500B9D168 /* CharacterExport.swift in Sources */ = {isa = PBXBuildFile; fileRef = 275CC78F2E584D3500B9D168 /* CharacterExport.swift */; };
		275CC7C52E584D3500B9D168 /* DetailSection.swift in Sources */ = {isa = PBXBuildFile; fileRef = 275CC7902E584D3500B9D168 /* DetailSection.swift */; };
		275CC7C62E584D3500B9D168 /* Preview Assets.xcassets in Resources */ = {isa = PBXBuildFile; fileRef = 275CC7922E584D3500B9D168 /* Preview Assets.xcassets */; };
		275CC7C72E584D3500B9D168 /* tabaxiApp.swift in Sources */ = {isa = PBXBuildFile; fileRef = 275CC7932E584D3500B9D168 /* tabaxiApp.swift */; };
		275CC7C82E584D3500B9D168 /* CompendiumStore.swift in Sources */ = {isa = PBXBuildFile; fileRef = 275CC7942E584D3500B9D168 /* CompendiumStore.swift */; };
		275CC7C92E584D3500B9D168 /* CommonStyles.swift in Sources */ = {isa = PBXBuildFile; fileRef = 275CC7952E584D3500B9D168 /* CommonStyles.swift */; };
		275CC7CA2E584D3500B9D168 /* EnhancedRichTextEditor.swift in Sources */ = {isa = PBXBuildFile; fileRef = 275CC7972E584D3500B9D168 /* EnhancedRichTextEditor.swift */; };
		275CC7CB2E584D3500B9D168 /* ClassStatsView.swift in Sources */ = {isa = PBXBuildFile; fileRef = 275CC7982E584D3500B9D168 /* ClassStatsView.swift */; };
		275CC7CC2E584D3500B9D168 /* SettingsView.swift in Sources */ = {isa = PBXBuildFile; fileRef = 275CC7992E584D3500B9D168 /* SettingsView.swift */; };
		275CC7CD2E584D3500B9D168 /* JSONQuoteView.swift in Sources */ = {isa = PBXBuildFile; fileRef = 275CC79A2E584D3500B9D168 /* JSONQuoteView.swift */; };
		275CC7CE2E584D3500B9D168 /* InteractiveComponents.swift in Sources */ = {isa = PBXBuildFile; fileRef = 275CC79B2E584D3500B9D168 /* InteractiveComponents.swift */; };
		275CC7CF2E584D3500B9D168 /* ClassAbilitiesSection.swift in Sources */ = {isa = PBXBuildFile; fileRef = 275CC79C2E584D3500B9D168 /* ClassAbilitiesSection.swift */; };
		275CC7D02E584D3500B9D168 /* CharacterClassesSection.swift in Sources */ = {isa = PBXBuildFile; fileRef = 275CC79D2E584D3500B9D168 /* CharacterClassesSection.swift */; };
		275CC7D12E584D3500B9D168 /* ClassProgressionView.swift in Sources */ = {isa = PBXBuildFile; fileRef = 275CC79E2E584D3500B9D168 /* ClassProgressionView.swift */; };
		275CC7D22E584D3500B9D168 /* RelationshipView.swift in Sources */ = {isa = PBXBuildFile; fileRef = 275CC79F2E584D3500B9D168 /* RelationshipView.swift */; };
		275CC7D32E584D3500B9D168 /* CharacterCreationView.swift in Sources */ = {isa = PBXBuildFile; fileRef = 275CC7A02E584D3500B9D168 /* CharacterCreationView.swift */; };
		275CC7D42E584D3500B9D168 /* RichTextEditor.swift in Sources */ = {isa = PBXBuildFile; fileRef = 275CC7A12E584D3500B9D168 /* RichTextEditor.swift */; };
		275CC7D52E584D3500B9D168 /* CharacterEditorView.swift in Sources */ = {isa = PBXBuildFile; fileRef = 275CC7A22E584D3500B9D168 /* CharacterEditorView.swift */; };
		275CC7D62E584D3600B9D168 /* CharacterView.swift in Sources */ = {isa = PBXBuildFile; fileRef = 275CC7A32E584D3500B9D168 /* CharacterView.swift */; };
		275CC7D72E584D3600B9D168 /* SharedComponents.swift in Sources */ = {isa = PBXBuildFile; fileRef = 275CC7A42E584D3500B9D168 /* SharedComponents.swift */; };
		275CC7D82E584D3600B9D168 /* CompactCharacterSheetView.swift in Sources */ = {isa = PBXBuildFile; fileRef = 275CC7A52E584D3500B9D168 /* CompactCharacterSheetView.swift */; };
		275CC7D92E584D3600B9D168 /* CharacterSelectionView.swift in Sources */ = {isa = PBXBuildFile; fileRef = 275CC7A62E584D3500B9D168 /* CharacterSelectionView.swift */; };
		275CC7DA2E584D3600B9D168 /* CompendiumView.swift in Sources */ = {isa = PBXBuildFile; fileRef = 275CC7A72E584D3500B9D168 /* CompendiumView.swift */; };
		275CC7DB2E584D3600B9D168 /* DetailSectionView.swift in Sources */ = {isa = PBXBuildFile; fileRef = 275CC7A82E584D3500B9D168 /* DetailSectionView.swift */; };
		275CC7DC2E584D3600B9D168 /* CharacterSheetView.swift in Sources */ = {isa = PBXBuildFile; fileRef = 275CC7A92E584D3500B9D168 /* CharacterSheetView.swift */; };
		275CC7DD2E584D3600B9D168 /* SpellsView.swift in Sources */ = {isa = PBXBuildFile; fileRef = 275CC7AA2E584D3500B9D168 /* SpellsView.swift */; };
		275CC7DE2E584D3600B9D168 /* MarkdownExtension.swift in Sources */ = {isa = PBXBuildFile; fileRef = 275CC7AB2E584D3500B9D168 /* MarkdownExtension.swift */; };
		275CC7DF2E584D3600B9D168 /* ClassFeaturesView.swift in Sources */ = {isa = PBXBuildFile; fileRef = 275CC7AC2E584D3500B9D168 /* ClassFeaturesView.swift */; };
		275CC7E02E584D3600B9D168 /* ClassExportView.swift in Sources */ = {isa = PBXBuildFile; fileRef = 275CC7AD2E584D3500B9D168 /* ClassExportView.swift */; };
		275CC7E12E584D3600B9D168 /* NotesView.swift in Sources */ = {isa = PBXBuildFile; fileRef = 275CC7AE2E584D3500B9D168 /* NotesView.swift */; };
		275CC7E22E584D3600B9D168 /* ContentView.swift in Sources */ = {isa = PBXBuildFile; fileRef = 275CC7AF2E584D3500B9D168 /* ContentView.swift */; };
		275CC7E42E584D3600B9D168 /* ClassesStore.swift in Sources */ = {isa = PBXBuildFile; fileRef = 275CC7B22E584D3500B9D168 /* ClassesStore.swift */; };
		27B5E7C32E3EDB7D0042C0AB /* tabaxiTests.swift in Sources */ = {isa = PBXBuildFile; fileRef = 27B5E7C22E3EDB7D0042C0AB /* tabaxiTests.swift */; };
		27B5E7CD2E3EDB7D0042C0AB /* tabaxiUITests.swift in Sources */ = {isa = PBXBuildFile; fileRef = 27B5E7CC2E3EDB7D0042C0AB /* tabaxiUITests.swift */; };
		27B5E7CF2E3EDB7D0042C0AB /* tabaxiUITestsLaunchTests.swift in Sources */ = {isa = PBXBuildFile; fileRef = 27B5E7CE2E3EDB7D0042C0AB /* tabaxiUITestsLaunchTests.swift */; };
/* End PBXBuildFile section */

/* Begin PBXContainerItemProxy section */
		27B5E7BF2E3EDB7D0042C0AB /* PBXContainerItemProxy */ = {
			isa = PBXContainerItemProxy;
			containerPortal = 27B5E7A52E3EDB780042C0AB /* Project object */;
			proxyType = 1;
			remoteGlobalIDString = 27B5E7AC2E3EDB780042C0AB;
			remoteInfo = tabaxi;
		};
		27B5E7C92E3EDB7D0042C0AB /* PBXContainerItemProxy */ = {
			isa = PBXContainerItemProxy;
			containerPortal = 27B5E7A52E3EDB780042C0AB /* Project object */;
			proxyType = 1;
			remoteGlobalIDString = 27B5E7AC2E3EDB780042C0AB;
			remoteInfo = tabaxi;
		};
/* End PBXContainerItemProxy section */

/* Begin PBXFileReference section */
		275CC77B2E584D3500B9D168 /* CharacterEditorComponents.swift */ = {isa = PBXFileReference; fileEncoding = 4; lastKnownFileType = sourcecode.swift; path = CharacterEditorComponents.swift; sourceTree = "<group>"; };
		275CC77D2E584D3500B9D168 /* feats.json */ = {isa = PBXFileReference; fileEncoding = 4; lastKnownFileType = text.json; path = feats.json; sourceTree = "<group>"; };
		275CC77E2E584D3500B9D168 /* classes.json */ = {isa = PBXFileReference; fileEncoding = 4; lastKnownFileType = text.json; path = classes.json; sourceTree = "<group>"; };
		275CC77F2E584D3500B9D168 /* backgrounds.json */ = {isa = PBXFileReference; fileEncoding = 4; lastKnownFileType = text.json; path = backgrounds.json; sourceTree = "<group>"; };
		275CC7802E584D3500B9D168 /* quotes.json */ = {isa = PBXFileReference; fileEncoding = 4; lastKnownFileType = text.json; path = quotes.json; sourceTree = "<group>"; };
		275CC7812E584D3500B9D168 /* class_tables.json */ = {isa = PBXFileReference; fileEncoding = 4; lastKnownFileType = text.json; path = class_tables.json; sourceTree = "<group>"; };
		275CC7822E584D3500B9D168 /* bestiary_5e.ndjson */ = {isa = PBXFileReference; fileEncoding = 4; lastKnownFileType = text; path = bestiary_5e.ndjson; sourceTree = "<group>"; };
		275CC7832E584D3500B9D168 /* feats_examples.json */ = {isa = PBXFileReference; fileEncoding = 4; lastKnownFileType = text.json; path = feats_examples.json; sourceTree = "<group>"; };
		275CC7842E584D3500B9D168 /* spells.json */ = {isa = PBXFileReference; fileEncoding = 4; lastKnownFileType = text.json; path = spells.json; sourceTree = "<group>"; };
		275CC7862E584D3500B9D168 /* CacheManager.swift */ = {isa = PBXFileReference; fileEncoding = 4; lastKnownFileType = sourcecode.swift; path = CacheManager.swift; sourceTree = "<group>"; };
		275CC7872E584D3500B9D168 /* FavoritesManager.swift */ = {isa = PBXFileReference; fileEncoding = 4; lastKnownFileType = sourcecode.swift; path = FavoritesManager.swift; sourceTree = "<group>"; };
		275CC7882E584D3500B9D168 /* ThemeManager.swift */ = {isa = PBXFileReference; fileEncoding = 4; lastKnownFileType = sourcecode.swift; path = ThemeManager.swift; sourceTree = "<group>"; };
		275CC7892E584D3500B9D168 /* QuoteManager.swift */ = {isa = PBXFileReference; fileEncoding = 4; lastKnownFileType = sourcecode.swift; path = QuoteManager.swift; sourceTree = "<group>"; };
		275CC78A2E584D3500B9D168 /* Assets.xcassets */ = {isa = PBXFileReference; lastKnownFileType = folder.assetcatalog; path = Assets.xcassets; sourceTree = "<group>"; };
		275CC78C2E584D3500B9D168 /* CharacterModels.swift */ = {isa = PBXFileReference; fileEncoding = 4; lastKnownFileType = sourcecode.swift; path = CharacterModels.swift; sourceTree = "<group>"; };
		275CC78D2E584D3500B9D168 /* Models.swift */ = {isa = PBXFileReference; fileEncoding = 4; lastKnownFileType = sourcecode.swift; path = Models.swift; sourceTree = "<group>"; };
		275CC78E2E584D3500B9D168 /* QuoteModels.swift */ = {isa = PBXFileReference; fileEncoding = 4; lastKnownFileType = sourcecode.swift; path = QuoteModels.swift; sourceTree = "<group>"; };
		275CC78F2E584D3500B9D168 /* CharacterExport.swift */ = {isa = PBXFileReference; fileEncoding = 4; lastKnownFileType = sourcecode.swift; path = CharacterExport.swift; sourceTree = "<group>"; };
		275CC7902E584D3500B9D168 /* DetailSection.swift */ = {isa = PBXFileReference; fileEncoding = 4; lastKnownFileType = sourcecode.swift; path = DetailSection.swift; sourceTree = "<group>"; };
		275CC7922E584D3500B9D168 /* Preview Assets.xcassets */ = {isa = PBXFileReference; lastKnownFileType = folder.assetcatalog; path = "Preview Assets.xcassets"; sourceTree = "<group>"; };
		275CC7932E584D3500B9D168 /* tabaxiApp.swift */ = {isa = PBXFileReference; fileEncoding = 4; lastKnownFileType = sourcecode.swift; path = tabaxiApp.swift; sourceTree = "<group>"; };
		275CC7942E584D3500B9D168 /* CompendiumStore.swift */ = {isa = PBXFileReference; fileEncoding = 4; lastKnownFileType = sourcecode.swift; path = CompendiumStore.swift; sourceTree = "<group>"; };
		275CC7952E584D3500B9D168 /* CommonStyles.swift */ = {isa = PBXFileReference; fileEncoding = 4; lastKnownFileType = sourcecode.swift; path = CommonStyles.swift; sourceTree = "<group>"; };
		275CC7972E584D3500B9D168 /* EnhancedRichTextEditor.swift */ = {isa = PBXFileReference; fileEncoding = 4; lastKnownFileType = sourcecode.swift; path = EnhancedRichTextEditor.swift; sourceTree = "<group>"; };
		275CC7982E584D3500B9D168 /* ClassStatsView.swift */ = {isa = PBXFileReference; fileEncoding = 4; lastKnownFileType = sourcecode.swift; path = ClassStatsView.swift; sourceTree = "<group>"; };
		275CC7992E584D3500B9D168 /* SettingsView.swift */ = {isa = PBXFileReference; fileEncoding = 4; lastKnownFileType = sourcecode.swift; path = SettingsView.swift; sourceTree = "<group>"; };
		275CC79A2E584D3500B9D168 /* JSONQuoteView.swift */ = {isa = PBXFileReference; fileEncoding = 4; lastKnownFileType = sourcecode.swift; path = JSONQuoteView.swift; sourceTree = "<group>"; };
		275CC79B2E584D3500B9D168 /* InteractiveComponents.swift */ = {isa = PBXFileReference; fileEncoding = 4; lastKnownFileType = sourcecode.swift; path = InteractiveComponents.swift; sourceTree = "<group>"; };
		275CC79C2E584D3500B9D168 /* ClassAbilitiesSection.swift */ = {isa = PBXFileReference; fileEncoding = 4; lastKnownFileType = sourcecode.swift; path = ClassAbilitiesSection.swift; sourceTree = "<group>"; };
		275CC79D2E584D3500B9D168 /* CharacterClassesSection.swift */ = {isa = PBXFileReference; fileEncoding = 4; lastKnownFileType = sourcecode.swift; path = CharacterClassesSection.swift; sourceTree = "<group>"; };
		275CC79E2E584D3500B9D168 /* ClassProgressionView.swift */ = {isa = PBXFileReference; fileEncoding = 4; lastKnownFileType = sourcecode.swift; path = ClassProgressionView.swift; sourceTree = "<group>"; };
		275CC79F2E584D3500B9D168 /* RelationshipView.swift */ = {isa = PBXFileReference; fileEncoding = 4; lastKnownFileType = sourcecode.swift; path = RelationshipView.swift; sourceTree = "<group>"; };
		275CC7A02E584D3500B9D168 /* CharacterCreationView.swift */ = {isa = PBXFileReference; fileEncoding = 4; lastKnownFileType = sourcecode.swift; path = CharacterCreationView.swift; sourceTree = "<group>"; };
		275CC7A12E584D3500B9D168 /* RichTextEditor.swift */ = {isa = PBXFileReference; fileEncoding = 4; lastKnownFileType = sourcecode.swift; path = RichTextEditor.swift; sourceTree = "<group>"; };
		275CC7A22E584D3500B9D168 /* CharacterEditorView.swift */ = {isa = PBXFileReference; fileEncoding = 4; lastKnownFileType = sourcecode.swift; path = CharacterEditorView.swift; sourceTree = "<group>"; };
		275CC7A32E584D3500B9D168 /* CharacterView.swift */ = {isa = PBXFileReference; fileEncoding = 4; lastKnownFileType = sourcecode.swift; path = CharacterView.swift; sourceTree = "<group>"; };
		275CC7A42E584D3500B9D168 /* SharedComponents.swift */ = {isa = PBXFileReference; fileEncoding = 4; lastKnownFileType = sourcecode.swift; path = SharedComponents.swift; sourceTree = "<group>"; };
		275CC7A52E584D3500B9D168 /* CompactCharacterSheetView.swift */ = {isa = PBXFileReference; fileEncoding = 4; lastKnownFileType = sourcecode.swift; path = CompactCharacterSheetView.swift; sourceTree = "<group>"; };
		275CC7A62E584D3500B9D168 /* CharacterSelectionView.swift */ = {isa = PBXFileReference; fileEncoding = 4; lastKnownFileType = sourcecode.swift; path = CharacterSelectionView.swift; sourceTree = "<group>"; };
		275CC7A72E584D3500B9D168 /* CompendiumView.swift */ = {isa = PBXFileReference; fileEncoding = 4; lastKnownFileType = sourcecode.swift; path = CompendiumView.swift; sourceTree = "<group>"; };
		275CC7A82E584D3500B9D168 /* DetailSectionView.swift */ = {isa = PBXFileReference; fileEncoding = 4; lastKnownFileType = sourcecode.swift; path = DetailSectionView.swift; sourceTree = "<group>"; };
		275CC7A92E584D3500B9D168 /* CharacterSheetView.swift */ = {isa = PBXFileReference; fileEncoding = 4; lastKnownFileType = sourcecode.swift; path = CharacterSheetView.swift; sourceTree = "<group>"; };
		275CC7AA2E584D3500B9D168 /* SpellsView.swift */ = {isa = PBXFileReference; fileEncoding = 4; lastKnownFileType = sourcecode.swift; path = SpellsView.swift; sourceTree = "<group>"; };
		275CC7AB2E584D3500B9D168 /* MarkdownExtension.swift */ = {isa = PBXFileReference; fileEncoding = 4; lastKnownFileType = sourcecode.swift; path = MarkdownExtension.swift; sourceTree = "<group>"; };
		275CC7AC2E584D3500B9D168 /* ClassFeaturesView.swift */ = {isa = PBXFileReference; fileEncoding = 4; lastKnownFileType = sourcecode.swift; path = ClassFeaturesView.swift; sourceTree = "<group>"; };
		275CC7AD2E584D3500B9D168 /* ClassExportView.swift */ = {isa = PBXFileReference; fileEncoding = 4; lastKnownFileType = sourcecode.swift; path = ClassExportView.swift; sourceTree = "<group>"; };
		275CC7AE2E584D3500B9D168 /* NotesView.swift */ = {isa = PBXFileReference; fileEncoding = 4; lastKnownFileType = sourcecode.swift; path = NotesView.swift; sourceTree = "<group>"; };
		275CC7AF2E584D3500B9D168 /* ContentView.swift */ = {isa = PBXFileReference; fileEncoding = 4; lastKnownFileType = sourcecode.swift; path = ContentView.swift; sourceTree = "<group>"; };
		275CC7B02E584D3500B9D168 /* Info.plist */ = {isa = PBXFileReference; fileEncoding = 4; lastKnownFileType = text.plist.xml; path = Info.plist; sourceTree = "<group>"; };
		275CC7B12E584D3500B9D168 /* tabaxi.entitlements */ = {isa = PBXFileReference; fileEncoding = 4; lastKnownFileType = text.plist.entitlements; path = tabaxi.entitlements; sourceTree = "<group>"; };
		275CC7B22E584D3500B9D168 /* ClassesStore.swift */ = {isa = PBXFileReference; fileEncoding = 4; lastKnownFileType = sourcecode.swift; path = ClassesStore.swift; sourceTree = "<group>"; };
		27B5E7AD2E3EDB780042C0AB /* tabaxi.app */ = {isa = PBXFileReference; explicitFileType = wrapper.application; includeInIndex = 0; path = tabaxi.app; sourceTree = BUILT_PRODUCTS_DIR; };
		27B5E7BE2E3EDB7D0042C0AB /* tabaxiTests.xctest */ = {isa = PBXFileReference; explicitFileType = wrapper.cfbundle; includeInIndex = 0; path = tabaxiTests.xctest; sourceTree = BUILT_PRODUCTS_DIR; };
		27B5E7C22E3EDB7D0042C0AB /* tabaxiTests.swift */ = {isa = PBXFileReference; lastKnownFileType = sourcecode.swift; path = tabaxiTests.swift; sourceTree = "<group>"; };
		27B5E7C82E3EDB7D0042C0AB /* tabaxiUITests.xctest */ = {isa = PBXFileReference; explicitFileType = wrapper.cfbundle; includeInIndex = 0; path = tabaxiUITests.xctest; sourceTree = BUILT_PRODUCTS_DIR; };
		27B5E7CC2E3EDB7D0042C0AB /* tabaxiUITests.swift */ = {isa = PBXFileReference; lastKnownFileType = sourcecode.swift; path = tabaxiUITests.swift; sourceTree = "<group>"; };
		27B5E7CE2E3EDB7D0042C0AB /* tabaxiUITestsLaunchTests.swift */ = {isa = PBXFileReference; lastKnownFileType = sourcecode.swift; path = tabaxiUITestsLaunchTests.swift; sourceTree = "<group>"; };
/* End PBXFileReference section */

/* Begin PBXFrameworksBuildPhase section */
		27B5E7AA2E3EDB780042C0AB /* Frameworks */ = {
			isa = PBXFrameworksBuildPhase;
			buildActionMask = 2147483647;
			files = (
			);
			runOnlyForDeploymentPostprocessing = 0;
		};
		27B5E7BB2E3EDB7D0042C0AB /* Frameworks */ = {
			isa = PBXFrameworksBuildPhase;
			buildActionMask = 2147483647;
			files = (
			);
			runOnlyForDeploymentPostprocessing = 0;
		};
		27B5E7C52E3EDB7D0042C0AB /* Frameworks */ = {
			isa = PBXFrameworksBuildPhase;
			buildActionMask = 2147483647;
			files = (
			);
			runOnlyForDeploymentPostprocessing = 0;
		};
/* End PBXFrameworksBuildPhase section */

/* Begin PBXGroup section */
		275CC77A2E584D3500B9D168 /* dnd_app */ = {
			isa = PBXGroup;
			children = (
				275CC77B2E584D3500B9D168 /* CharacterEditorComponents.swift */,
				275CC77C2E584D3500B9D168 /* Resources */,
				275CC7852E584D3500B9D168 /* Managers */,
				275CC78A2E584D3500B9D168 /* Assets.xcassets */,
				275CC78B2E584D3500B9D168 /* Models */,
				275CC7912E584D3500B9D168 /* Preview Content */,
				275CC7932E584D3500B9D168 /* tabaxiApp.swift */,
				275CC7942E584D3500B9D168 /* CompendiumStore.swift */,
				275CC7952E584D3500B9D168 /* CommonStyles.swift */,
				275CC7962E584D3500B9D168 /* Views */,
				275CC7AF2E584D3500B9D168 /* ContentView.swift */,
				275CC7B02E584D3500B9D168 /* Info.plist */,
				275CC7B12E584D3500B9D168 /* tabaxi.entitlements */,
				275CC7B22E584D3500B9D168 /* ClassesStore.swift */,
			);
			path = dnd_app;
			sourceTree = "<group>";
		};
		275CC77C2E584D3500B9D168 /* Resources */ = {
			isa = PBXGroup;
			children = (
				275CC77D2E584D3500B9D168 /* feats.json */,
				275CC77E2E584D3500B9D168 /* classes.json */,
				275CC77F2E584D3500B9D168 /* backgrounds.json */,
				275CC7802E584D3500B9D168 /* quotes.json */,
				275CC7812E584D3500B9D168 /* class_tables.json */,
				275CC7822E584D3500B9D168 /* bestiary_5e.ndjson */,
				275CC7832E584D3500B9D168 /* feats_examples.json */,
				275CC7842E584D3500B9D168 /* spells.json */,
			);
			path = Resources;
			sourceTree = "<group>";
		};
		275CC7852E584D3500B9D168 /* Managers */ = {
			isa = PBXGroup;
			children = (
				275CC7862E584D3500B9D168 /* CacheManager.swift */,
				275CC7872E584D3500B9D168 /* FavoritesManager.swift */,
				275CC7882E584D3500B9D168 /* ThemeManager.swift */,
				275CC7892E584D3500B9D168 /* QuoteManager.swift */,
			);
			path = Managers;
			sourceTree = "<group>";
		};
		275CC78B2E584D3500B9D168 /* Models */ = {
			isa = PBXGroup;
			children = (
				275CC78C2E584D3500B9D168 /* CharacterModels.swift */,
				275CC78D2E584D3500B9D168 /* Models.swift */,
				275CC78E2E584D3500B9D168 /* QuoteModels.swift */,
				275CC78F2E584D3500B9D168 /* CharacterExport.swift */,
				275CC7902E584D3500B9D168 /* DetailSection.swift */,
			);
			path = Models;
			sourceTree = "<group>";
		};
		275CC7912E584D3500B9D168 /* Preview Content */ = {
			isa = PBXGroup;
			children = (
				275CC7922E584D3500B9D168 /* Preview Assets.xcassets */,
			);
			path = "Preview Content";
			sourceTree = "<group>";
		};
		275CC7962E584D3500B9D168 /* Views */ = {
			isa = PBXGroup;
			children = (
				275CC7972E584D3500B9D168 /* EnhancedRichTextEditor.swift */,
				275CC7982E584D3500B9D168 /* ClassStatsView.swift */,
				275CC7992E584D3500B9D168 /* SettingsView.swift */,
				275CC79A2E584D3500B9D168 /* JSONQuoteView.swift */,
				275CC79B2E584D3500B9D168 /* InteractiveComponents.swift */,
				275CC79C2E584D3500B9D168 /* ClassAbilitiesSection.swift */,
				275CC79D2E584D3500B9D168 /* CharacterClassesSection.swift */,
				275CC79E2E584D3500B9D168 /* ClassProgressionView.swift */,
				275CC79F2E584D3500B9D168 /* RelationshipView.swift */,
				275CC7A02E584D3500B9D168 /* CharacterCreationView.swift */,
				275CC7A12E584D3500B9D168 /* RichTextEditor.swift */,
				275CC7A22E584D3500B9D168 /* CharacterEditorView.swift */,
				275CC7A32E584D3500B9D168 /* CharacterView.swift */,
				275CC7A42E584D3500B9D168 /* SharedComponents.swift */,
				275CC7A52E584D3500B9D168 /* CompactCharacterSheetView.swift */,
				275CC7A62E584D3500B9D168 /* CharacterSelectionView.swift */,
				275CC7A72E584D3500B9D168 /* CompendiumView.swift */,
				275CC7A82E584D3500B9D168 /* DetailSectionView.swift */,
				275CC7A92E584D3500B9D168 /* CharacterSheetView.swift */,
				275CC7AA2E584D3500B9D168 /* SpellsView.swift */,
				275CC7AB2E584D3500B9D168 /* MarkdownExtension.swift */,
				275CC7AC2E584D3500B9D168 /* ClassFeaturesView.swift */,
				275CC7AD2E584D3500B9D168 /* ClassExportView.swift */,
				275CC7AE2E584D3500B9D168 /* NotesView.swift */,
			);
			path = Views;
			sourceTree = "<group>";
		};
		27B5E7A42E3EDB780042C0AB = {
			isa = PBXGroup;
			children = (
				275CC77A2E584D3500B9D168 /* dnd_app */,
				27B5E7C12E3EDB7D0042C0AB /* tabaxiTests */,
				27B5E7CB2E3EDB7D0042C0AB /* tabaxiUITests */,
				27B5E7AE2E3EDB780042C0AB /* Products */,
			);
			sourceTree = "<group>";
		};
		27B5E7AE2E3EDB780042C0AB /* Products */ = {
			isa = PBXGroup;
			children = (
				27B5E7AD2E3EDB780042C0AB /* tabaxi.app */,
				27B5E7BE2E3EDB7D0042C0AB /* tabaxiTests.xctest */,
				27B5E7C82E3EDB7D0042C0AB /* tabaxiUITests.xctest */,
			);
			name = Products;
			sourceTree = "<group>";
		};
		27B5E7C12E3EDB7D0042C0AB /* tabaxiTests */ = {
			isa = PBXGroup;
			children = (
				27B5E7C22E3EDB7D0042C0AB /* tabaxiTests.swift */,
			);
			path = tabaxiTests;
			sourceTree = "<group>";
		};
		27B5E7CB2E3EDB7D0042C0AB /* tabaxiUITests */ = {
			isa = PBXGroup;
			children = (
				27B5E7CC2E3EDB7D0042C0AB /* tabaxiUITests.swift */,
				27B5E7CE2E3EDB7D0042C0AB /* tabaxiUITestsLaunchTests.swift */,
			);
			path = tabaxiUITests;
			sourceTree = "<group>";
		};
/* End PBXGroup section */

/* Begin PBXNativeTarget section */
		27B5E7AC2E3EDB780042C0AB /* tabaxi */ = {
			isa = PBXNativeTarget;
			buildConfigurationList = 27B5E7D22E3EDB7D0042C0AB /* Build configuration list for PBXNativeTarget "tabaxi" */;
			buildPhases = (
				27B5E7A92E3EDB780042C0AB /* Sources */,
				27B5E7AA2E3EDB780042C0AB /* Frameworks */,
				27B5E7AB2E3EDB780042C0AB /* Resources */,
			);
			buildRules = (
			);
			dependencies = (
			);
			name = tabaxi;
			productName = tabaxi;
			productReference = 27B5E7AD2E3EDB780042C0AB /* tabaxi.app */;
			productType = "com.apple.product-type.application";
		};
		27B5E7BD2E3EDB7D0042C0AB /* tabaxiTests */ = {
			isa = PBXNativeTarget;
			buildConfigurationList = 27B5E7D52E3EDB7D0042C0AB /* Build configuration list for PBXNativeTarget "tabaxiTests" */;
			buildPhases = (
				27B5E7BA2E3EDB7D0042C0AB /* Sources */,
				27B5E7BB2E3EDB7D0042C0AB /* Frameworks */,
				27B5E7BC2E3EDB7D0042C0AB /* Resources */,
			);
			buildRules = (
			);
			dependencies = (
				27B5E7C02E3EDB7D0042C0AB /* PBXTargetDependency */,
			);
			name = tabaxiTests;
			productName = tabaxiTests;
			productReference = 27B5E7BE2E3EDB7D0042C0AB /* tabaxiTests.xctest */;
			productType = "com.apple.product-type.bundle.unit-test";
		};
		27B5E7C72E3EDB7D0042C0AB /* tabaxiUITests */ = {
			isa = PBXNativeTarget;
			buildConfigurationList = 27B5E7D82E3EDB7D0042C0AB /* Build configuration list for PBXNativeTarget "tabaxiUITests" */;
			buildPhases = (
				27B5E7C42E3EDB7D0042C0AB /* Sources */,
				27B5E7C52E3EDB7D0042C0AB /* Frameworks */,
				27B5E7C62E3EDB7D0042C0AB /* Resources */,
			);
			buildRules = (
			);
			dependencies = (
				27B5E7CA2E3EDB7D0042C0AB /* PBXTargetDependency */,
			);
			name = tabaxiUITests;
			productName = tabaxiUITests;
			productReference = 27B5E7C82E3EDB7D0042C0AB /* tabaxiUITests.xctest */;
			productType = "com.apple.product-type.bundle.ui-testing";
		};
/* End PBXNativeTarget section */

/* Begin PBXProject section */
		27B5E7A52E3EDB780042C0AB /* Project object */ = {
			isa = PBXProject;
			attributes = {
				BuildIndependentTargetsInParallel = 1;
				LastSwiftUpdateCheck = 1510;
				LastUpgradeCheck = 1510;
				TargetAttributes = {
					27B5E7AC2E3EDB780042C0AB = {
						CreatedOnToolsVersion = 15.1;
					};
					27B5E7BD2E3EDB7D0042C0AB = {
						CreatedOnToolsVersion = 15.1;
						TestTargetID = 27B5E7AC2E3EDB780042C0AB;
					};
					27B5E7C72E3EDB7D0042C0AB = {
						CreatedOnToolsVersion = 15.1;
						TestTargetID = 27B5E7AC2E3EDB780042C0AB;
					};
				};
			};
			buildConfigurationList = 27B5E7A82E3EDB780042C0AB /* Build configuration list for PBXProject "dnd_app" */;
			compatibilityVersion = "Xcode 14.0";
			developmentRegion = en;
			hasScannedForEncodings = 0;
			knownRegions = (
				en,
				Base,
			);
			mainGroup = 27B5E7A42E3EDB780042C0AB;
			productRefGroup = 27B5E7AE2E3EDB780042C0AB /* Products */;
			projectDirPath = "";
			projectRoot = "";
			targets = (
				27B5E7AC2E3EDB780042C0AB /* tabaxi */,
				27B5E7BD2E3EDB7D0042C0AB /* tabaxiTests */,
				27B5E7C72E3EDB7D0042C0AB /* tabaxiUITests */,
			);
		};
/* End PBXProject section */

/* Begin PBXResourcesBuildPhase section */
		27B5E7AB2E3EDB780042C0AB /* Resources */ = {
			isa = PBXResourcesBuildPhase;
			buildActionMask = 2147483647;
			files = (
				275CC7BA2E584D3500B9D168 /* feats_examples.json in Resources */,
				275CC7B72E584D3500B9D168 /* quotes.json in Resources */,
				275CC7C62E584D3500B9D168 /* Preview Assets.xcassets in Resources */,
				275CC7B52E584D3500B9D168 /* classes.json in Resources */,
				275CC7B62E584D3500B9D168 /* backgrounds.json in Resources */,
				275CC7B42E584D3500B9D168 /* feats.json in Resources */,
				275CC7B92E584D3500B9D168 /* bestiary_5e.ndjson in Resources */,
				275CC7BB2E584D3500B9D168 /* spells.json in Resources */,
				275CC7C02E584D3500B9D168 /* Assets.xcassets in Resources */,
				275CC7B82E584D3500B9D168 /* class_tables.json in Resources */,
			);
			runOnlyForDeploymentPostprocessing = 0;
		};
		27B5E7BC2E3EDB7D0042C0AB /* Resources */ = {
			isa = PBXResourcesBuildPhase;
			buildActionMask = 2147483647;
			files = (
			);
			runOnlyForDeploymentPostprocessing = 0;
		};
		27B5E7C62E3EDB7D0042C0AB /* Resources */ = {
			isa = PBXResourcesBuildPhase;
			buildActionMask = 2147483647;
			files = (
			);
			runOnlyForDeploymentPostprocessing = 0;
		};
/* End PBXResourcesBuildPhase section */

/* Begin PBXSourcesBuildPhase section */
		27B5E7A92E3EDB780042C0AB /* Sources */ = {
			isa = PBXSourcesBuildPhase;
			buildActionMask = 2147483647;
			files = (
				275CC7DE2E584D3600B9D168 /* MarkdownExtension.swift in Sources */,
				275CC7D02E584D3500B9D168 /* CharacterClassesSection.swift in Sources */,
				275CC7C42E584D3500B9D168 /* CharacterExport.swift in Sources */,
				275CC7D92E584D3600B9D168 /* CharacterSelectionView.swift in Sources */,
				275CC7D12E584D3500B9D168 /* ClassProgressionView.swift in Sources */,
				275CC7BF2E584D3500B9D168 /* QuoteManager.swift in Sources */,
				275CC7D62E584D3600B9D168 /* CharacterView.swift in Sources */,
				275CC7BC2E584D3500B9D168 /* CacheManager.swift in Sources */,
				275CC7E22E584D3600B9D168 /* ContentView.swift in Sources */,
				275CC7D52E584D3500B9D168 /* CharacterEditorView.swift in Sources */,
				275CC7C72E584D3500B9D168 /* tabaxiApp.swift in Sources */,
				275CC7CE2E584D3500B9D168 /* InteractiveComponents.swift in Sources */,
				275CC7E02E584D3600B9D168 /* ClassExportView.swift in Sources */,
				275CC7BD2E584D3500B9D168 /* FavoritesManager.swift in Sources */,
				275CC7D32E584D3500B9D168 /* CharacterCreationView.swift in Sources */,
				275CC7D42E584D3500B9D168 /* RichTextEditor.swift in Sources */,
				275CC7DD2E584D3600B9D168 /* SpellsView.swift in Sources */,
				275CC7D72E584D3600B9D168 /* SharedComponents.swift in Sources */,
				275CC7B32E584D3500B9D168 /* CharacterEditorComponents.swift in Sources */,
				275CC7E12E584D3600B9D168 /* NotesView.swift in Sources */,
				275CC7C82E584D3500B9D168 /* CompendiumStore.swift in Sources */,
				275CC7DF2E584D3600B9D168 /* ClassFeaturesView.swift in Sources */,
				275CC7DB2E584D3600B9D168 /* DetailSectionView.swift in Sources */,
				275CC7BE2E584D3500B9D168 /* ThemeManager.swift in Sources */,
				275CC7C52E584D3500B9D168 /* DetailSection.swift in Sources */,
				275CC7CC2E584D3500B9D168 /* SettingsView.swift in Sources */,
				275CC7DC2E584D3600B9D168 /* CharacterSheetView.swift in Sources */,
				275CC7DA2E584D3600B9D168 /* CompendiumView.swift in Sources */,
				275CC7D82E584D3600B9D168 /* CompactCharacterSheetView.swift in Sources */,
				275CC7C12E584D3500B9D168 /* CharacterModels.swift in Sources */,
				275CC7C32E584D3500B9D168 /* QuoteModels.swift in Sources */,
				275CC7CB2E584D3500B9D168 /* ClassStatsView.swift in Sources */,
				275CC7CD2E584D3500B9D168 /* JSONQuoteView.swift in Sources */,
				275CC7CA2E584D3500B9D168 /* EnhancedRichTextEditor.swift in Sources */,
				275CC7E42E584D3600B9D168 /* ClassesStore.swift in Sources */,
				275CC7D22E584D3500B9D168 /* RelationshipView.swift in Sources */,
				275CC7C92E584D3500B9D168 /* CommonStyles.swift in Sources */,
				275CC7CF2E584D3500B9D168 /* ClassAbilitiesSection.swift in Sources */,
				275CC7C22E584D3500B9D168 /* Models.swift in Sources */,
			);
			runOnlyForDeploymentPostprocessing = 0;
		};
		27B5E7BA2E3EDB7D0042C0AB /* Sources */ = {
			isa = PBXSourcesBuildPhase;
			buildActionMask = 2147483647;
			files = (
				27B5E7C32E3EDB7D0042C0AB /* tabaxiTests.swift in Sources */,
			);
			runOnlyForDeploymentPostprocessing = 0;
		};
		27B5E7C42E3EDB7D0042C0AB /* Sources */ = {
			isa = PBXSourcesBuildPhase;
			buildActionMask = 2147483647;
			files = (
				27B5E7CD2E3EDB7D0042C0AB /* tabaxiUITests.swift in Sources */,
				27B5E7CF2E3EDB7D0042C0AB /* tabaxiUITestsLaunchTests.swift in Sources */,
			);
			runOnlyForDeploymentPostprocessing = 0;
		};
/* End PBXSourcesBuildPhase section */

/* Begin PBXTargetDependency section */
		27B5E7C02E3EDB7D0042C0AB /* PBXTargetDependency */ = {
			isa = PBXTargetDependency;
			target = 27B5E7AC2E3EDB780042C0AB /* tabaxi */;
			targetProxy = 27B5E7BF2E3EDB7D0042C0AB /* PBXContainerItemProxy */;
		};
		27B5E7CA2E3EDB7D0042C0AB /* PBXTargetDependency */ = {
			isa = PBXTargetDependency;
			target = 27B5E7AC2E3EDB780042C0AB /* tabaxi */;
			targetProxy = 27B5E7C92E3EDB7D0042C0AB /* PBXContainerItemProxy */;
		};
/* End PBXTargetDependency section */

/* Begin XCBuildConfiguration section */
		27B5E7D02E3EDB7D0042C0AB /* Debug */ = {
			isa = XCBuildConfiguration;
			buildSettings = {
				ALWAYS_SEARCH_USER_PATHS = NO;
				ASSETCATALOG_COMPILER_GENERATE_SWIFT_ASSET_SYMBOL_EXTENSIONS = YES;
				CLANG_ANALYZER_NONNULL = YES;
				CLANG_ANALYZER_NUMBER_OBJECT_CONVERSION = YES_AGGRESSIVE;
				CLANG_CXX_LANGUAGE_STANDARD = "gnu++20";
				CLANG_ENABLE_MODULES = YES;
				CLANG_ENABLE_OBJC_ARC = YES;
				CLANG_ENABLE_OBJC_WEAK = YES;
				CLANG_WARN_BLOCK_CAPTURE_AUTORELEASING = YES;
				CLANG_WARN_BOOL_CONVERSION = YES;
				CLANG_WARN_COMMA = YES;
				CLANG_WARN_CONSTANT_CONVERSION = YES;
				CLANG_WARN_DEPRECATED_OBJC_IMPLEMENTATIONS = YES;
				CLANG_WARN_DIRECT_OBJC_ISA_USAGE = YES_ERROR;
				CLANG_WARN_DOCUMENTATION_COMMENTS = YES;
				CLANG_WARN_EMPTY_BODY = YES;
				CLANG_WARN_ENUM_CONVERSION = YES;
				CLANG_WARN_INFINITE_RECURSION = YES;
				CLANG_WARN_INT_CONVERSION = YES;
				CLANG_WARN_NON_LITERAL_NULL_CONVERSION = YES;
				CLANG_WARN_OBJC_IMPLICIT_RETAIN_SELF = YES;
				CLANG_WARN_OBJC_LITERAL_CONVERSION = YES;
				CLANG_WARN_OBJC_ROOT_CLASS = YES_ERROR;
				CLANG_WARN_QUOTED_INCLUDE_IN_FRAMEWORK_HEADER = YES;
				CLANG_WARN_RANGE_LOOP_ANALYSIS = YES;
				CLANG_WARN_STRICT_PROTOTYPES = YES;
				CLANG_WARN_SUSPICIOUS_MOVE = YES;
				CLANG_WARN_UNGUARDED_AVAILABILITY = YES_AGGRESSIVE;
				CLANG_WARN_UNREACHABLE_CODE = YES;
				CLANG_WARN__DUPLICATE_METHOD_MATCH = YES;
				COPY_PHASE_STRIP = NO;
				DEBUG_INFORMATION_FORMAT = dwarf;
				ENABLE_STRICT_OBJC_MSGSEND = YES;
				ENABLE_TESTABILITY = YES;
				ENABLE_USER_SCRIPT_SANDBOXING = YES;
				GCC_C_LANGUAGE_STANDARD = gnu17;
				GCC_DYNAMIC_NO_PIC = NO;
				GCC_NO_COMMON_BLOCKS = YES;
				GCC_OPTIMIZATION_LEVEL = 0;
				GCC_PREPROCESSOR_DEFINITIONS = (
					"DEBUG=1",
					"$(inherited)",
				);
				GCC_WARN_64_TO_32_BIT_CONVERSION = YES;
				GCC_WARN_ABOUT_RETURN_TYPE = YES_ERROR;
				GCC_WARN_UNDECLARED_SELECTOR = YES;
				GCC_WARN_UNINITIALIZED_AUTOS = YES_AGGRESSIVE;
				GCC_WARN_UNUSED_FUNCTION = YES;
				GCC_WARN_UNUSED_VARIABLE = YES;
				LOCALIZATION_PREFERS_STRING_CATALOGS = YES;
				MTL_ENABLE_DEBUG_INFO = INCLUDE_SOURCE;
				MTL_FAST_MATH = YES;
				ONLY_ACTIVE_ARCH = YES;
				SWIFT_ACTIVE_COMPILATION_CONDITIONS = "DEBUG $(inherited)";
				SWIFT_OPTIMIZATION_LEVEL = "-Onone";
			};
			name = Debug;
		};
		27B5E7D12E3EDB7D0042C0AB /* Release */ = {
			isa = XCBuildConfiguration;
			buildSettings = {
				ALWAYS_SEARCH_USER_PATHS = NO;
				ASSETCATALOG_COMPILER_GENERATE_SWIFT_ASSET_SYMBOL_EXTENSIONS = YES;
				CLANG_ANALYZER_NONNULL = YES;
				CLANG_ANALYZER_NUMBER_OBJECT_CONVERSION = YES_AGGRESSIVE;
				CLANG_CXX_LANGUAGE_STANDARD = "gnu++20";
				CLANG_ENABLE_MODULES = YES;
				CLANG_ENABLE_OBJC_ARC = YES;
				CLANG_ENABLE_OBJC_WEAK = YES;
				CLANG_WARN_BLOCK_CAPTURE_AUTORELEASING = YES;
				CLANG_WARN_BOOL_CONVERSION = YES;
				CLANG_WARN_COMMA = YES;
				CLANG_WARN_CONSTANT_CONVERSION = YES;
				CLANG_WARN_DEPRECATED_OBJC_IMPLEMENTATIONS = YES;
				CLANG_WARN_DIRECT_OBJC_ISA_USAGE = YES_ERROR;
				CLANG_WARN_DOCUMENTATION_COMMENTS = YES;
				CLANG_WARN_EMPTY_BODY = YES;
				CLANG_WARN_ENUM_CONVERSION = YES;
				CLANG_WARN_INFINITE_RECURSION = YES;
				CLANG_WARN_INT_CONVERSION = YES;
				CLANG_WARN_NON_LITERAL_NULL_CONVERSION = YES;
				CLANG_WARN_OBJC_IMPLICIT_RETAIN_SELF = YES;
				CLANG_WARN_OBJC_LITERAL_CONVERSION = YES;
				CLANG_WARN_OBJC_ROOT_CLASS = YES_ERROR;
				CLANG_WARN_QUOTED_INCLUDE_IN_FRAMEWORK_HEADER = YES;
				CLANG_WARN_RANGE_LOOP_ANALYSIS = YES;
				CLANG_WARN_STRICT_PROTOTYPES = YES;
				CLANG_WARN_SUSPICIOUS_MOVE = YES;
				CLANG_WARN_UNGUARDED_AVAILABILITY = YES_AGGRESSIVE;
				CLANG_WARN_UNREACHABLE_CODE = YES;
				CLANG_WARN__DUPLICATE_METHOD_MATCH = YES;
				COPY_PHASE_STRIP = NO;
				DEBUG_INFORMATION_FORMAT = "dwarf-with-dsym";
				ENABLE_NS_ASSERTIONS = NO;
				ENABLE_STRICT_OBJC_MSGSEND = YES;
				ENABLE_USER_SCRIPT_SANDBOXING = YES;
				GCC_C_LANGUAGE_STANDARD = gnu17;
				GCC_NO_COMMON_BLOCKS = YES;
				GCC_WARN_64_TO_32_BIT_CONVERSION = YES;
				GCC_WARN_ABOUT_RETURN_TYPE = YES_ERROR;
				GCC_WARN_UNDECLARED_SELECTOR = YES;
				GCC_WARN_UNINITIALIZED_AUTOS = YES_AGGRESSIVE;
				GCC_WARN_UNUSED_FUNCTION = YES;
				GCC_WARN_UNUSED_VARIABLE = YES;
				LOCALIZATION_PREFERS_STRING_CATALOGS = YES;
				MTL_ENABLE_DEBUG_INFO = NO;
				MTL_FAST_MATH = YES;
				SWIFT_COMPILATION_MODE = wholemodule;
			};
			name = Release;
		};
		27B5E7D32E3EDB7D0042C0AB /* Debug */ = {
			isa = XCBuildConfiguration;
			buildSettings = {
				ASSETCATALOG_COMPILER_APPICON_NAME = AppIcon;
				ASSETCATALOG_COMPILER_GLOBAL_ACCENT_COLOR_NAME = AccentColor;
				CODE_SIGN_ENTITLEMENTS = dnd_app/tabaxi.entitlements;
				CODE_SIGN_STYLE = Automatic;
				CURRENT_PROJECT_VERSION = 1;
				DEVELOPMENT_ASSET_PATHS = "\"dnd_app/Preview Content\"";
				DEVELOPMENT_TEAM = 8MPS2T2FYR;
				ENABLE_HARDENED_RUNTIME = YES;
				ENABLE_PREVIEWS = YES;
				INFOPLIST_FILE = dnd_app/Info.plist;
				"INFOPLIST_KEY_UIApplicationSceneManifest_Generation[sdk=iphoneos*]" = YES;
				"INFOPLIST_KEY_UIApplicationSceneManifest_Generation[sdk=iphonesimulator*]" = YES;
				"INFOPLIST_KEY_UIApplicationSupportsIndirectInputEvents[sdk=iphoneos*]" = YES;
				"INFOPLIST_KEY_UIApplicationSupportsIndirectInputEvents[sdk=iphonesimulator*]" = YES;
				"INFOPLIST_KEY_UILaunchScreen_Generation[sdk=iphoneos*]" = YES;
				"INFOPLIST_KEY_UILaunchScreen_Generation[sdk=iphonesimulator*]" = YES;
				"INFOPLIST_KEY_UIStatusBarStyle[sdk=iphoneos*]" = UIStatusBarStyleDefault;
				"INFOPLIST_KEY_UIStatusBarStyle[sdk=iphonesimulator*]" = UIStatusBarStyleDefault;
				INFOPLIST_KEY_UISupportedInterfaceOrientations_iPad = "UIInterfaceOrientationPortrait UIInterfaceOrientationPortraitUpsideDown UIInterfaceOrientationLandscapeLeft UIInterfaceOrientationLandscapeRight";
				INFOPLIST_KEY_UISupportedInterfaceOrientations_iPhone = "UIInterfaceOrientationPortrait UIInterfaceOrientationLandscapeLeft UIInterfaceOrientationLandscapeRight";
				IPHONEOS_DEPLOYMENT_TARGET = 17.2;
				LD_RUNPATH_SEARCH_PATHS = "@executable_path/Frameworks";
				"LD_RUNPATH_SEARCH_PATHS[sdk=macosx*]" = "@executable_path/../Frameworks";
				MACOSX_DEPLOYMENT_TARGET = 13.7;
				MARKETING_VERSION = 1.0;
				PRODUCT_BUNDLE_IDENTIFIER = com.dndapp.tabaxi;
				PRODUCT_NAME = "$(TARGET_NAME)";
				SDKROOT = auto;
				SUPPORTED_PLATFORMS = "iphoneos iphonesimulator macosx";
				SWIFT_EMIT_LOC_STRINGS = YES;
				SWIFT_VERSION = 5.0;
				TARGETED_DEVICE_FAMILY = "1,2";
			};
			name = Debug;
		};
		27B5E7D42E3EDB7D0042C0AB /* Release */ = {
			isa = XCBuildConfiguration;
			buildSettings = {
				ASSETCATALOG_COMPILER_APPICON_NAME = AppIcon;
				ASSETCATALOG_COMPILER_GLOBAL_ACCENT_COLOR_NAME = AccentColor;
				CODE_SIGN_ENTITLEMENTS = dnd_app/tabaxi.entitlements;
				CODE_SIGN_STYLE = Automatic;
				CURRENT_PROJECT_VERSION = 1;
				DEVELOPMENT_ASSET_PATHS = "\"dnd_app/Preview Content\"";
				DEVELOPMENT_TEAM = 8MPS2T2FYR;
				ENABLE_HARDENED_RUNTIME = YES;
				ENABLE_PREVIEWS = YES;
				INFOPLIST_FILE = dnd_app/Info.plist;
				"INFOPLIST_KEY_UIApplicationSceneManifest_Generation[sdk=iphoneos*]" = YES;
				"INFOPLIST_KEY_UIApplicationSceneManifest_Generation[sdk=iphonesimulator*]" = YES;
				"INFOPLIST_KEY_UIApplicationSupportsIndirectInputEvents[sdk=iphoneos*]" = YES;
				"INFOPLIST_KEY_UIApplicationSupportsIndirectInputEvents[sdk=iphonesimulator*]" = YES;
				"INFOPLIST_KEY_UILaunchScreen_Generation[sdk=iphoneos*]" = YES;
				"INFOPLIST_KEY_UILaunchScreen_Generation[sdk=iphonesimulator*]" = YES;
				"INFOPLIST_KEY_UIStatusBarStyle[sdk=iphoneos*]" = UIStatusBarStyleDefault;
				"INFOPLIST_KEY_UIStatusBarStyle[sdk=iphonesimulator*]" = UIStatusBarStyleDefault;
				INFOPLIST_KEY_UISupportedInterfaceOrientations_iPad = "UIInterfaceOrientationPortrait UIInterfaceOrientationPortraitUpsideDown UIInterfaceOrientationLandscapeLeft UIInterfaceOrientationLandscapeRight";
				INFOPLIST_KEY_UISupportedInterfaceOrientations_iPhone = "UIInterfaceOrientationPortrait UIInterfaceOrientationLandscapeLeft UIInterfaceOrientationLandscapeRight";
				IPHONEOS_DEPLOYMENT_TARGET = 17.2;
				LD_RUNPATH_SEARCH_PATHS = "@executable_path/Frameworks";
				"LD_RUNPATH_SEARCH_PATHS[sdk=macosx*]" = "@executable_path/../Frameworks";
				MACOSX_DEPLOYMENT_TARGET = 13.7;
				MARKETING_VERSION = 1.0;
				PRODUCT_BUNDLE_IDENTIFIER = com.dndapp.tabaxi;
				PRODUCT_NAME = "$(TARGET_NAME)";
				SDKROOT = auto;
				SUPPORTED_PLATFORMS = "iphoneos iphonesimulator macosx";
				SWIFT_EMIT_LOC_STRINGS = YES;
				SWIFT_VERSION = 5.0;
				TARGETED_DEVICE_FAMILY = "1,2";
			};
			name = Release;
		};
		27B5E7D62E3EDB7D0042C0AB /* Debug */ = {
			isa = XCBuildConfiguration;
			buildSettings = {
				ALWAYS_EMBED_SWIFT_STANDARD_LIBRARIES = YES;
				BUNDLE_LOADER = "$(TEST_HOST)";
				CODE_SIGN_STYLE = Automatic;
				CURRENT_PROJECT_VERSION = 1;
				DEVELOPMENT_TEAM = 8MPS2T2FYR;
				INFOPLIST_FILE = dnd_app/Info.plist;
				IPHONEOS_DEPLOYMENT_TARGET = 17.2;
				MACOSX_DEPLOYMENT_TARGET = 13.7;
				MARKETING_VERSION = 1.0;
				PRODUCT_BUNDLE_IDENTIFIER = com.dndapp.tabaxiTests;
				PRODUCT_NAME = "$(TARGET_NAME)";
				SDKROOT = auto;
				SUPPORTED_PLATFORMS = "iphoneos iphonesimulator macosx";
				SWIFT_EMIT_LOC_STRINGS = NO;
				SWIFT_VERSION = 5.0;
				TARGETED_DEVICE_FAMILY = "1,2";
				TEST_HOST = "$(BUILT_PRODUCTS_DIR)/tabaxi.app/$(BUNDLE_EXECUTABLE_FOLDER_PATH)/tabaxi";
			};
			name = Debug;
		};
		27B5E7D72E3EDB7D0042C0AB /* Release */ = {
			isa = XCBuildConfiguration;
			buildSettings = {
				ALWAYS_EMBED_SWIFT_STANDARD_LIBRARIES = YES;
				BUNDLE_LOADER = "$(TEST_HOST)";
				CODE_SIGN_STYLE = Automatic;
				CURRENT_PROJECT_VERSION = 1;
				DEVELOPMENT_TEAM = 8MPS2T2FYR;
				INFOPLIST_FILE = dnd_app/Info.plist;
				IPHONEOS_DEPLOYMENT_TARGET = 17.2;
				MACOSX_DEPLOYMENT_TARGET = 13.7;
				MARKETING_VERSION = 1.0;
				PRODUCT_BUNDLE_IDENTIFIER = com.dndapp.tabaxiTests;
				PRODUCT_NAME = "$(TARGET_NAME)";
				SDKROOT = auto;
				SUPPORTED_PLATFORMS = "iphoneos iphonesimulator macosx";
				SWIFT_EMIT_LOC_STRINGS = NO;
				SWIFT_VERSION = 5.0;
				TARGETED_DEVICE_FAMILY = "1,2";
				TEST_HOST = "$(BUILT_PRODUCTS_DIR)/tabaxi.app/$(BUNDLE_EXECUTABLE_FOLDER_PATH)/tabaxi";
			};
			name = Release;
		};
		27B5E7D92E3EDB7D0042C0AB /* Debug */ = {
			isa = XCBuildConfiguration;
			buildSettings = {
				ALWAYS_EMBED_SWIFT_STANDARD_LIBRARIES = YES;
				CODE_SIGN_STYLE = Automatic;
				CURRENT_PROJECT_VERSION = 1;
				DEVELOPMENT_TEAM = 8MPS2T2FYR;
				INFOPLIST_FILE = dnd_app/Info.plist;
				IPHONEOS_DEPLOYMENT_TARGET = 17.2;
				MACOSX_DEPLOYMENT_TARGET = 13.7;
				MARKETING_VERSION = 1.0;
				PRODUCT_BUNDLE_IDENTIFIER = com.dndapp.tabaxiUITests;
				PRODUCT_NAME = "$(TARGET_NAME)";
				SDKROOT = auto;
				SUPPORTED_PLATFORMS = "iphoneos iphonesimulator macosx";
				SWIFT_EMIT_LOC_STRINGS = NO;
				SWIFT_VERSION = 5.0;
				TARGETED_DEVICE_FAMILY = "1,2";
				TEST_TARGET_NAME = tabaxi;
			};
			name = Debug;
		};
		27B5E7DA2E3EDB7D0042C0AB /* Release */ = {
			isa = XCBuildConfiguration;
			buildSettings = {
				ALWAYS_EMBED_SWIFT_STANDARD_LIBRARIES = YES;
				CODE_SIGN_STYLE = Automatic;
				CURRENT_PROJECT_VERSION = 1;
				DEVELOPMENT_TEAM = 8MPS2T2FYR;
				INFOPLIST_FILE = dnd_app/Info.plist;
				IPHONEOS_DEPLOYMENT_TARGET = 17.2;
				MACOSX_DEPLOYMENT_TARGET = 13.7;
				MARKETING_VERSION = 1.0;
				PRODUCT_BUNDLE_IDENTIFIER = com.dndapp.tabaxiUITests;
				PRODUCT_NAME = "$(TARGET_NAME)";
				SDKROOT = auto;
				SUPPORTED_PLATFORMS = "iphoneos iphonesimulator macosx";
				SWIFT_EMIT_LOC_STRINGS = NO;
				SWIFT_VERSION = 5.0;
				TARGETED_DEVICE_FAMILY = "1,2";
				TEST_TARGET_NAME = tabaxi;
			};
			name = Release;
		};
/* End XCBuildConfiguration section */

/* Begin XCConfigurationList section */
		27B5E7A82E3EDB780042C0AB /* Build configuration list for PBXProject "dnd_app" */ = {
			isa = XCConfigurationList;
			buildConfigurations = (
				27B5E7D02E3EDB7D0042C0AB /* Debug */,
				27B5E7D12E3EDB7D0042C0AB /* Release */,
			);
			defaultConfigurationIsVisible = 0;
			defaultConfigurationName = Release;
		};
		27B5E7D22E3EDB7D0042C0AB /* Build configuration list for PBXNativeTarget "tabaxi" */ = {
			isa = XCConfigurationList;
			buildConfigurations = (
				27B5E7D32E3EDB7D0042C0AB /* Debug */,
				27B5E7D42E3EDB7D0042C0AB /* Release */,
			);
			defaultConfigurationIsVisible = 0;
			defaultConfigurationName = Release;
		};
		27B5E7D52E3EDB7D0042C0AB /* Build configuration list for PBXNativeTarget "tabaxiTests" */ = {
			isa = XCConfigurationList;
			buildConfigurations = (
				27B5E7D62E3EDB7D0042C0AB /* Debug */,
				27B5E7D72E3EDB7D0042C0AB /* Release */,
			);
			defaultConfigurationIsVisible = 0;
			defaultConfigurationName = Release;
		};
		27B5E7D82E3EDB7D0042C0AB /* Build configuration list for PBXNativeTarget "tabaxiUITests" */ = {
			isa = XCConfigurationList;
			buildConfigurations = (
				27B5E7D92E3EDB7D0042C0AB /* Debug */,
				27B5E7DA2E3EDB7D0042C0AB /* Release */,
			);
			defaultConfigurationIsVisible = 0;
			defaultConfigurationName = Release;
		};
/* End XCConfigurationList section */
	};
	rootObject = 27B5E7A52E3EDB780042C0AB /* Project object */;
}
