// !$*UTF8*$!
{
	archiveVersion = 1;
	classes = {
	};
	objectVersion = 56;
	objects = {

/* Begin PBXBuildFile section */
		2727219A2E56F1D900985679 /* CharacterEditorComponents.swift in Sources */ = {isa = PBXBuildFile; fileRef = 272721652E56F1D900985679 /* CharacterEditorComponents.swift */; };
		2727219B2E56F1D900985679 /* feats.json in Resources */ = {isa = PBXBuildFile; fileRef = 272721672E56F1D900985679 /* feats.json */; };
		2727219C2E56F1D900985679 /* classes.json in Resources */ = {isa = PBXBuildFile; fileRef = 272721682E56F1D900985679 /* classes.json */; };
		2727219D2E56F1D900985679 /* backgrounds.json in Resources */ = {isa = PBXBuildFile; fileRef = 272721692E56F1D900985679 /* backgrounds.json */; };
		2727219E2E56F1D900985679 /* quotes.json in Resources */ = {isa = PBXBuildFile; fileRef = 2727216A2E56F1D900985679 /* quotes.json */; };
		2727219F2E56F1D900985679 /* class_tables.json in Resources */ = {isa = PBXBuildFile; fileRef = 2727216B2E56F1D900985679 /* class_tables.json */; };
		272721A02E56F1D900985679 /* bestiary_5e.ndjson in Resources */ = {isa = PBXBuildFile; fileRef = 2727216C2E56F1D900985679 /* bestiary_5e.ndjson */; };
		272721A12E56F1D900985679 /* spells.json in Resources */ = {isa = PBXBuildFile; fileRef = 2727216D2E56F1D900985679 /* spells.json */; };
		272721A22E56F1D900985679 /* CacheManager.swift in Sources */ = {isa = PBXBuildFile; fileRef = 2727216F2E56F1D900985679 /* CacheManager.swift */; };
		272721A32E56F1D900985679 /* FavoritesManager.swift in Sources */ = {isa = PBXBuildFile; fileRef = 272721702E56F1D900985679 /* FavoritesManager.swift */; };
		272721A42E56F1D900985679 /* ThemeManager.swift in Sources */ = {isa = PBXBuildFile; fileRef = 272721712E56F1D900985679 /* ThemeManager.swift */; };
		272721A52E56F1D900985679 /* QuoteManager.swift in Sources */ = {isa = PBXBuildFile; fileRef = 272721722E56F1D900985679 /* QuoteManager.swift */; };
		272721A62E56F1D900985679 /* Assets.xcassets in Resources */ = {isa = PBXBuildFile; fileRef = 272721732E56F1D900985679 /* Assets.xcassets */; };
		272721A72E56F1D900985679 /* CharacterModels.swift in Sources */ = {isa = PBXBuildFile; fileRef = 272721752E56F1D900985679 /* CharacterModels.swift */; };
		272721A82E56F1D900985679 /* Models.swift in Sources */ = {isa = PBXBuildFile; fileRef = 272721762E56F1D900985679 /* Models.swift */; };
		272721A92E56F1D900985679 /* QuoteModels.swift in Sources */ = {isa = PBXBuildFile; fileRef = 272721772E56F1D900985679 /* QuoteModels.swift */; };
		272721AA2E56F1D900985679 /* CharacterExport.swift in Sources */ = {isa = PBXBuildFile; fileRef = 272721782E56F1D900985679 /* CharacterExport.swift */; };
		272721AB2E56F1D900985679 /* DetailSection.swift in Sources */ = {isa = PBXBuildFile; fileRef = 272721792E56F1D900985679 /* DetailSection.swift */; };
		272721AC2E56F1D900985679 /* Preview Assets.xcassets in Resources */ = {isa = PBXBuildFile; fileRef = 2727217B2E56F1D900985679 /* Preview Assets.xcassets */; };
		272721AD2E56F1D900985679 /* tabaxiApp.swift in Sources */ = {isa = PBXBuildFile; fileRef = 2727217C2E56F1D900985679 /* tabaxiApp.swift */; };
		272721AE2E56F1D900985679 /* CompendiumStore.swift in Sources */ = {isa = PBXBuildFile; fileRef = 2727217D2E56F1D900985679 /* CompendiumStore.swift */; };
		272721B02E56F1D900985679 /* CommonStyles.swift in Sources */ = {isa = PBXBuildFile; fileRef = 2727217F2E56F1D900985679 /* CommonStyles.swift */; };
		272721B12E56F1D900985679 /* ClassStatsView.swift in Sources */ = {isa = PBXBuildFile; fileRef = 272721812E56F1D900985679 /* ClassStatsView.swift */; };
		272721B22E56F1D900985679 /* SettingsView.swift in Sources */ = {isa = PBXBuildFile; fileRef = 272721822E56F1D900985679 /* SettingsView.swift */; };
		272721B32E56F1D900985679 /* JSONQuoteView.swift in Sources */ = {isa = PBXBuildFile; fileRef = 272721832E56F1D900985679 /* JSONQuoteView.swift */; };
		272721B42E56F1D900985679 /* InteractiveComponents.swift in Sources */ = {isa = PBXBuildFile; fileRef = 272721842E56F1D900985679 /* InteractiveComponents.swift */; };
		272721B52E56F1D900985679 /* ClassAbilitiesSection.swift in Sources */ = {isa = PBXBuildFile; fileRef = 272721852E56F1D900985679 /* ClassAbilitiesSection.swift */; };
		272721B62E56F1D900985679 /* CharacterClassesSection.swift in Sources */ = {isa = PBXBuildFile; fileRef = 272721862E56F1D900985679 /* CharacterClassesSection.swift */; };
		272721B72E56F1D900985679 /* ClassProgressionView.swift in Sources */ = {isa = PBXBuildFile; fileRef = 272721872E56F1D900985679 /* ClassProgressionView.swift */; };
		272721B82E56F1D900985679 /* RelationshipView.swift in Sources */ = {isa = PBXBuildFile; fileRef = 272721882E56F1D900985679 /* RelationshipView.swift */; };
		272721B92E56F1D900985679 /* CharacterCreationView.swift in Sources */ = {isa = PBXBuildFile; fileRef = 272721892E56F1D900985679 /* CharacterCreationView.swift */; };
		272721BA2E56F1D900985679 /* RichTextEditor.swift in Sources */ = {isa = PBXBuildFile; fileRef = 2727218A2E56F1D900985679 /* RichTextEditor.swift */; };
		272721BB2E56F1D900985679 /* CharacterEditorView.swift in Sources */ = {isa = PBXBuildFile; fileRef = 2727218B2E56F1D900985679 /* CharacterEditorView.swift */; };
		272721BC2E56F1D900985679 /* SharedComponents.swift in Sources */ = {isa = PBXBuildFile; fileRef = 2727218C2E56F1D900985679 /* SharedComponents.swift */; };
		272721BD2E56F1D900985679 /* CompactCharacterSheetView.swift in Sources */ = {isa = PBXBuildFile; fileRef = 2727218D2E56F1D900985679 /* CompactCharacterSheetView.swift */; };
		272721BE2E56F1D900985679 /* CharacterSelectionView.swift in Sources */ = {isa = PBXBuildFile; fileRef = 2727218E2E56F1D900985679 /* CharacterSelectionView.swift */; };
		272721BF2E56F1D900985679 /* CompendiumView.swift in Sources */ = {isa = PBXBuildFile; fileRef = 2727218F2E56F1D900985679 /* CompendiumView.swift */; };
		272721C02E56F1D900985679 /* DetailSectionView.swift in Sources */ = {isa = PBXBuildFile; fileRef = 272721902E56F1D900985679 /* DetailSectionView.swift */; };
		272721C12E56F1D900985679 /* CharacterSheetView.swift in Sources */ = {isa = PBXBuildFile; fileRef = 272721912E56F1D900985679 /* CharacterSheetView.swift */; };
		272721C22E56F1D900985679 /* SpellsView.swift in Sources */ = {isa = PBXBuildFile; fileRef = 272721922E56F1D900985679 /* SpellsView.swift */; };
		272721C32E56F1D900985679 /* ClassFeaturesView.swift in Sources */ = {isa = PBXBuildFile; fileRef = 272721932E56F1D900985679 /* ClassFeaturesView.swift */; };
		272721C42E56F1D900985679 /* ClassExportView.swift in Sources */ = {isa = PBXBuildFile; fileRef = 272721942E56F1D900985679 /* ClassExportView.swift */; };
		272721C52E56F1D900985679 /* NotesView.swift in Sources */ = {isa = PBXBuildFile; fileRef = 272721952E56F1D900985679 /* NotesView.swift */; };
		272721C62E56F1D900985679 /* ContentView.swift in Sources */ = {isa = PBXBuildFile; fileRef = 272721962E56F1D900985679 /* ContentView.swift */; };
		272721C82E56F1D900985679 /* ClassesStore.swift in Sources */ = {isa = PBXBuildFile; fileRef = 272721992E56F1D900985679 /* ClassesStore.swift */; };
		272721CE2E57343B00985679 /* MarkdownExtension.swift in Sources */ = {isa = PBXBuildFile; fileRef = 272721CD2E57338200985679 /* MarkdownExtension.swift */; };
		27B5E7C32E3EDB7D0042C0AB /* tabaxiTests.swift in Sources */ = {isa = PBXBuildFile; fileRef = 27B5E7C22E3EDB7D0042C0AB /* tabaxiTests.swift */; };
		27B5E7CD2E3EDB7D0042C0AB /* tabaxiUITests.swift in Sources */ = {isa = PBXBuildFile; fileRef = 27B5E7CC2E3EDB7D0042C0AB /* tabaxiUITests.swift */; };
		27B5E7CF2E3EDB7D0042C0AB /* tabaxiUITestsLaunchTests.swift in Sources */ = {isa = PBXBuildFile; fileRef = 27B5E7CE2E3EDB7D0042C0AB /* tabaxiUITestsLaunchTests.swift */; };
/* End PBXBuildFile section */

/* Begin PBXContainerItemProxy section */
		27B5E7BF2E3EDB7D0042C0AB /* PBXContainerItemProxy */ = {
			isa = PBXContainerItemProxy;
			containerPortal = 27B5E7A52E3EDB780042C0AB /* Project object */;
			proxyType = 1;
			remoteGlobalIDString = 27B5E7AC2E3EDB780042C0AB;
			remoteInfo = tabaxi;
		};
		27B5E7C92E3EDB7D0042C0AB /* PBXContainerItemProxy */ = {
			isa = PBXContainerItemProxy;
			containerPortal = 27B5E7A52E3EDB780042C0AB /* Project object */;
			proxyType = 1;
			remoteGlobalIDString = 27B5E7AC2E3EDB780042C0AB;
			remoteInfo = tabaxi;
		};
/* End PBXContainerItemProxy section */

/* Begin PBXFileReference section */
		272721652E56F1D900985679 /* CharacterEditorComponents.swift */ = {isa = PBXFileReference; fileEncoding = 4; lastKnownFileType = sourcecode.swift; path = CharacterEditorComponents.swift; sourceTree = "<group>"; };
		272721672E56F1D900985679 /* feats.json */ = {isa = PBXFileReference; fileEncoding = 4; lastKnownFileType = text.json; path = feats.json; sourceTree = "<group>"; };
		272721682E56F1D900985679 /* classes.json */ = {isa = PBXFileReference; fileEncoding = 4; lastKnownFileType = text.json; path = classes.json; sourceTree = "<group>"; };
		272721692E56F1D900985679 /* backgrounds.json */ = {isa = PBXFileReference; fileEncoding = 4; lastKnownFileType = text.json; path = backgrounds.json; sourceTree = "<group>"; };
		2727216A2E56F1D900985679 /* quotes.json */ = {isa = PBXFileReference; fileEncoding = 4; lastKnownFileType = text.json; path = quotes.json; sourceTree = "<group>"; };
		2727216B2E56F1D900985679 /* class_tables.json */ = {isa = PBXFileReference; fileEncoding = 4; lastKnownFileType = text.json; path = class_tables.json; sourceTree = "<group>"; };
		2727216C2E56F1D900985679 /* bestiary_5e.ndjson */ = {isa = PBXFileReference; fileEncoding = 4; lastKnownFileType = text; path = bestiary_5e.ndjson; sourceTree = "<group>"; };
		2727216D2E56F1D900985679 /* spells.json */ = {isa = PBXFileReference; fileEncoding = 4; lastKnownFileType = text.json; path = spells.json; sourceTree = "<group>"; };
		2727216F2E56F1D900985679 /* CacheManager.swift */ = {isa = PBXFileReference; fileEncoding = 4; lastKnownFileType = sourcecode.swift; path = CacheManager.swift; sourceTree = "<group>"; };
		272721702E56F1D900985679 /* FavoritesManager.swift */ = {isa = PBXFileReference; fileEncoding = 4; lastKnownFileType = sourcecode.swift; path = FavoritesManager.swift; sourceTree = "<group>"; };
		272721712E56F1D900985679 /* ThemeManager.swift */ = {isa = PBXFileReference; fileEncoding = 4; lastKnownFileType = sourcecode.swift; path = ThemeManager.swift; sourceTree = "<group>"; };
		272721722E56F1D900985679 /* QuoteManager.swift */ = {isa = PBXFileReference; fileEncoding = 4; lastKnownFileType = sourcecode.swift; path = QuoteManager.swift; sourceTree = "<group>"; };
		272721732E56F1D900985679 /* Assets.xcassets */ = {isa = PBXFileReference; lastKnownFileType = folder.assetcatalog; path = Assets.xcassets; sourceTree = "<group>"; };
		272721752E56F1D900985679 /* CharacterModels.swift */ = {isa = PBXFileReference; fileEncoding = 4; lastKnownFileType = sourcecode.swift; path = CharacterModels.swift; sourceTree = "<group>"; };
		272721762E56F1D900985679 /* Models.swift */ = {isa = PBXFileReference; fileEncoding = 4; lastKnownFileType = sourcecode.swift; path = Models.swift; sourceTree = "<group>"; };
		272721772E56F1D900985679 /* QuoteModels.swift */ = {isa = PBXFileReference; fileEncoding = 4; lastKnownFileType = sourcecode.swift; path = QuoteModels.swift; sourceTree = "<group>"; };
		272721782E56F1D900985679 /* CharacterExport.swift */ = {isa = PBXFileReference; fileEncoding = 4; lastKnownFileType = sourcecode.swift; path = CharacterExport.swift; sourceTree = "<group>"; };
		272721792E56F1D900985679 /* DetailSection.swift */ = {isa = PBXFileReference; fileEncoding = 4; lastKnownFileType = sourcecode.swift; path = DetailSection.swift; sourceTree = "<group>"; };
		2727217B2E56F1D900985679 /* Preview Assets.xcassets */ = {isa = PBXFileReference; lastKnownFileType = folder.assetcatalog; path = "Preview Assets.xcassets"; sourceTree = "<group>"; };
		2727217C2E56F1D900985679 /* tabaxiApp.swift */ = {isa = PBXFileReference; fileEncoding = 4; lastKnownFileType = sourcecode.swift; path = tabaxiApp.swift; sourceTree = "<group>"; };
		2727217D2E56F1D900985679 /* CompendiumStore.swift */ = {isa = PBXFileReference; fileEncoding = 4; lastKnownFileType = sourcecode.swift; path = CompendiumStore.swift; sourceTree = "<group>"; };
		2727217F2E56F1D900985679 /* CommonStyles.swift */ = {isa = PBXFileReference; fileEncoding = 4; lastKnownFileType = sourcecode.swift; path = CommonStyles.swift; sourceTree = "<group>"; };
		272721812E56F1D900985679 /* ClassStatsView.swift */ = {isa = PBXFileReference; fileEncoding = 4; lastKnownFileType = sourcecode.swift; path = ClassStatsView.swift; sourceTree = "<group>"; };
		272721822E56F1D900985679 /* SettingsView.swift */ = {isa = PBXFileReference; fileEncoding = 4; lastKnownFileType = sourcecode.swift; path = SettingsView.swift; sourceTree = "<group>"; };
		272721832E56F1D900985679 /* JSONQuoteView.swift */ = {isa = PBXFileReference; fileEncoding = 4; lastKnownFileType = sourcecode.swift; path = JSONQuoteView.swift; sourceTree = "<group>"; };
		272721842E56F1D900985679 /* InteractiveComponents.swift */ = {isa = PBXFileReference; fileEncoding = 4; lastKnownFileType = sourcecode.swift; path = InteractiveComponents.swift; sourceTree = "<group>"; };
		272721852E56F1D900985679 /* ClassAbilitiesSection.swift */ = {isa = PBXFileReference; fileEncoding = 4; lastKnownFileType = sourcecode.swift; path = ClassAbilitiesSection.swift; sourceTree = "<group>"; };
		272721862E56F1D900985679 /* CharacterClassesSection.swift */ = {isa = PBXFileReference; fileEncoding = 4; lastKnownFileType = sourcecode.swift; path = CharacterClassesSection.swift; sourceTree = "<group>"; };
		272721872E56F1D900985679 /* ClassProgressionView.swift */ = {isa = PBXFileReference; fileEncoding = 4; lastKnownFileType = sourcecode.swift; path = ClassProgressionView.swift; sourceTree = "<group>"; };
		272721882E56F1D900985679 /* RelationshipView.swift */ = {isa = PBXFileReference; fileEncoding = 4; lastKnownFileType = sourcecode.swift; path = RelationshipView.swift; sourceTree = "<group>"; };
		272721892E56F1D900985679 /* CharacterCreationView.swift */ = {isa = PBXFileReference; fileEncoding = 4; lastKnownFileType = sourcecode.swift; path = CharacterCreationView.swift; sourceTree = "<group>"; };
		2727218A2E56F1D900985679 /* RichTextEditor.swift */ = {isa = PBXFileReference; fileEncoding = 4; lastKnownFileType = sourcecode.swift; path = RichTextEditor.swift; sourceTree = "<group>"; };
		2727218B2E56F1D900985679 /* CharacterEditorView.swift */ = {isa = PBXFileReference; fileEncoding = 4; lastKnownFileType = sourcecode.swift; path = CharacterEditorView.swift; sourceTree = "<group>"; };
		2727218C2E56F1D900985679 /* SharedComponents.swift */ = {isa = PBXFileReference; fileEncoding = 4; lastKnownFileType = sourcecode.swift; path = SharedComponents.swift; sourceTree = "<group>"; };
		2727218D2E56F1D900985679 /* CompactCharacterSheetView.swift */ = {isa = PBXFileReference; fileEncoding = 4; lastKnownFileType = sourcecode.swift; path = CompactCharacterSheetView.swift; sourceTree = "<group>"; };
		2727218E2E56F1D900985679 /* CharacterSelectionView.swift */ = {isa = PBXFileReference; fileEncoding = 4; lastKnownFileType = sourcecode.swift; path = CharacterSelectionView.swift; sourceTree = "<group>"; };
		2727218F2E56F1D900985679 /* CompendiumView.swift */ = {isa = PBXFileReference; fileEncoding = 4; lastKnownFileType = sourcecode.swift; path = CompendiumView.swift; sourceTree = "<group>"; };
		272721902E56F1D900985679 /* DetailSectionView.swift */ = {isa = PBXFileReference; fileEncoding = 4; lastKnownFileType = sourcecode.swift; path = DetailSectionView.swift; sourceTree = "<group>"; };
		272721912E56F1D900985679 /* CharacterSheetView.swift */ = {isa = PBXFileReference; fileEncoding = 4; lastKnownFileType = sourcecode.swift; path = CharacterSheetView.swift; sourceTree = "<group>"; };
		272721922E56F1D900985679 /* SpellsView.swift */ = {isa = PBXFileReference; fileEncoding = 4; lastKnownFileType = sourcecode.swift; path = SpellsView.swift; sourceTree = "<group>"; };
		272721932E56F1D900985679 /* ClassFeaturesView.swift */ = {isa = PBXFileReference; fileEncoding = 4; lastKnownFileType = sourcecode.swift; path = ClassFeaturesView.swift; sourceTree = "<group>"; };
		272721942E56F1D900985679 /* ClassExportView.swift */ = {isa = PBXFileReference; fileEncoding = 4; lastKnownFileType = sourcecode.swift; path = ClassExportView.swift; sourceTree = "<group>"; };
		272721952E56F1D900985679 /* NotesView.swift */ = {isa = PBXFileReference; fileEncoding = 4; lastKnownFileType = sourcecode.swift; path = NotesView.swift; sourceTree = "<group>"; };
		272721962E56F1D900985679 /* ContentView.swift */ = {isa = PBXFileReference; fileEncoding = 4; lastKnownFileType = sourcecode.swift; path = ContentView.swift; sourceTree = "<group>"; };
		272721982E56F1D900985679 /* tabaxi.entitlements */ = {isa = PBXFileReference; fileEncoding = 4; lastKnownFileType = text.plist.entitlements; path = tabaxi.entitlements; sourceTree = "<group>"; };
		272721992E56F1D900985679 /* ClassesStore.swift */ = {isa = PBXFileReference; fileEncoding = 4; lastKnownFileType = sourcecode.swift; path = ClassesStore.swift; sourceTree = "<group>"; };
		272721CB2E56F75300985679 /* Info.plist */ = {isa = PBXFileReference; fileEncoding = 4; lastKnownFileType = text.plist.xml; path = Info.plist; sourceTree = "<group>"; };
		272721CD2E57338200985679 /* MarkdownExtension.swift */ = {isa = PBXFileReference; fileEncoding = 4; lastKnownFileType = sourcecode.swift; path = MarkdownExtension.swift; sourceTree = "<group>"; };
		27B5E7AD2E3EDB780042C0AB /* tabaxi.app */ = {isa = PBXFileReference; explicitFileType = wrapper.application; includeInIndex = 0; path = tabaxi.app; sourceTree = BUILT_PRODUCTS_DIR; };
		27B5E7BE2E3EDB7D0042C0AB /* tabaxiTests.xctest */ = {isa = PBXFileReference; explicitFileType = wrapper.cfbundle; includeInIndex = 0; path = tabaxiTests.xctest; sourceTree = BUILT_PRODUCTS_DIR; };
		27B5E7C22E3EDB7D0042C0AB /* tabaxiTests.swift */ = {isa = PBXFileReference; lastKnownFileType = sourcecode.swift; path = tabaxiTests.swift; sourceTree = "<group>"; };
		27B5E7C82E3EDB7D0042C0AB /* tabaxiUITests.xctest */ = {isa = PBXFileReference; explicitFileType = wrapper.cfbundle; includeInIndex = 0; path = tabaxiUITests.xctest; sourceTree = BUILT_PRODUCTS_DIR; };
		27B5E7CC2E3EDB7D0042C0AB /* tabaxiUITests.swift */ = {isa = PBXFileReference; lastKnownFileType = sourcecode.swift; path = tabaxiUITests.swift; sourceTree = "<group>"; };
		27B5E7CE2E3EDB7D0042C0AB /* tabaxiUITestsLaunchTests.swift */ = {isa = PBXFileReference; lastKnownFileType = sourcecode.swift; path = tabaxiUITestsLaunchTests.swift; sourceTree = "<group>"; };
/* End PBXFileReference section */

/* Begin PBXFrameworksBuildPhase section */
		27B5E7AA2E3EDB780042C0AB /* Frameworks */ = {
			isa = PBXFrameworksBuildPhase;
			buildActionMask = 2147483647;
			files = (
			);
			runOnlyForDeploymentPostprocessing = 0;
		};
		27B5E7BB2E3EDB7D0042C0AB /* Frameworks */ = {
			isa = PBXFrameworksBuildPhase;
			buildActionMask = 2147483647;
			files = (
			);
			runOnlyForDeploymentPostprocessing = 0;
		};
		27B5E7C52E3EDB7D0042C0AB /* Frameworks */ = {
			isa = PBXFrameworksBuildPhase;
			buildActionMask = 2147483647;
			files = (
			);
			runOnlyForDeploymentPostprocessing = 0;
		};
/* End PBXFrameworksBuildPhase section */

/* Begin PBXGroup section */
		272721642E56F1D900985679 /* dnd_app */ = {
			isa = PBXGroup;
			children = (
				272721CB2E56F75300985679 /* Info.plist */,
				272721652E56F1D900985679 /* CharacterEditorComponents.swift */,
				272721662E56F1D900985679 /* Resources */,
				2727216E2E56F1D900985679 /* Managers */,
				272721732E56F1D900985679 /* Assets.xcassets */,
				272721742E56F1D900985679 /* Models */,
				2727217A2E56F1D900985679 /* Preview Content */,
				2727217C2E56F1D900985679 /* tabaxiApp.swift */,
				2727217D2E56F1D900985679 /* CompendiumStore.swift */,
				2727217F2E56F1D900985679 /* CommonStyles.swift */,
				272721802E56F1D900985679 /* Views */,
				272721962E56F1D900985679 /* ContentView.swift */,
				272721982E56F1D900985679 /* tabaxi.entitlements */,
				272721992E56F1D900985679 /* ClassesStore.swift */,
			);
			path = dnd_app;
			sourceTree = "<group>";
		};
		272721662E56F1D900985679 /* Resources */ = {
			isa = PBXGroup;
			children = (
				272721672E56F1D900985679 /* feats.json */,
				272721682E56F1D900985679 /* classes.json */,
				272721692E56F1D900985679 /* backgrounds.json */,
				2727216A2E56F1D900985679 /* quotes.json */,
				2727216B2E56F1D900985679 /* class_tables.json */,
				2727216C2E56F1D900985679 /* bestiary_5e.ndjson */,
				2727216D2E56F1D900985679 /* spells.json */,
			);
			path = Resources;
			sourceTree = "<group>";
		};
		2727216E2E56F1D900985679 /* Managers */ = {
			isa = PBXGroup;
			children = (
				2727216F2E56F1D900985679 /* CacheManager.swift */,
				272721702E56F1D900985679 /* FavoritesManager.swift */,
				272721712E56F1D900985679 /* ThemeManager.swift */,
				272721722E56F1D900985679 /* QuoteManager.swift */,
			);
			path = Managers;
			sourceTree = "<group>";
		};
		272721742E56F1D900985679 /* Models */ = {
			isa = PBXGroup;
			children = (
				272721752E56F1D900985679 /* CharacterModels.swift */,
				272721762E56F1D900985679 /* Models.swift */,
				272721772E56F1D900985679 /* QuoteModels.swift */,
				272721782E56F1D900985679 /* CharacterExport.swift */,
				272721792E56F1D900985679 /* DetailSection.swift */,
			);
			path = Models;
			sourceTree = "<group>";
		};
		2727217A2E56F1D900985679 /* Preview Content */ = {
			isa = PBXGroup;
			children = (
				2727217B2E56F1D900985679 /* Preview Assets.xcassets */,
			);
			path = "Preview Content";
			sourceTree = "<group>";
		};
		272721802E56F1D900985679 /* Views */ = {
			isa = PBXGroup;
			children = (
				272721812E56F1D900985679 /* ClassStatsView.swift */,
				272721822E56F1D900985679 /* SettingsView.swift */,
				272721832E56F1D900985679 /* JSONQuoteView.swift */,
				272721842E56F1D900985679 /* InteractiveComponents.swift */,
				272721CD2E57338200985679 /* MarkdownExtension.swift */,
				272721852E56F1D900985679 /* ClassAbilitiesSection.swift */,
				272721862E56F1D900985679 /* CharacterClassesSection.swift */,
				272721872E56F1D900985679 /* ClassProgressionView.swift */,
				272721882E56F1D900985679 /* RelationshipView.swift */,
				272721892E56F1D900985679 /* CharacterCreationView.swift */,
				2727218A2E56F1D900985679 /* RichTextEditor.swift */,
				2727218B2E56F1D900985679 /* CharacterEditorView.swift */,
				2727218C2E56F1D900985679 /* SharedComponents.swift */,
				2727218D2E56F1D900985679 /* CompactCharacterSheetView.swift */,
				2727218E2E56F1D900985679 /* CharacterSelectionView.swift */,
				2727218F2E56F1D900985679 /* CompendiumView.swift */,
				272721902E56F1D900985679 /* DetailSectionView.swift */,
				272721912E56F1D900985679 /* CharacterSheetView.swift */,
				272721922E56F1D900985679 /* SpellsView.swift */,
				272721932E56F1D900985679 /* ClassFeaturesView.swift */,
				272721942E56F1D900985679 /* ClassExportView.swift */,
				272721952E56F1D900985679 /* NotesView.swift */,
			);
			path = Views;
			sourceTree = "<group>";
		};
		27B5E7A42E3EDB780042C0AB = {
			isa = PBXGroup;
			children = (
				272721642E56F1D900985679 /* dnd_app */,
				27B5E7C12E3EDB7D0042C0AB /* tabaxiTests */,
				27B5E7CB2E3EDB7D0042C0AB /* tabaxiUITests */,
				27B5E7AE2E3EDB780042C0AB /* Products */,
			);
			sourceTree = "<group>";
		};
		27B5E7AE2E3EDB780042C0AB /* Products */ = {
			isa = PBXGroup;
			children = (
				27B5E7AD2E3EDB780042C0AB /* tabaxi.app */,
				27B5E7BE2E3EDB7D0042C0AB /* tabaxiTests.xctest */,
				27B5E7C82E3EDB7D0042C0AB /* tabaxiUITests.xctest */,
			);
			name = Products;
			sourceTree = "<group>";
		};
		27B5E7C12E3EDB7D0042C0AB /* tabaxiTests */ = {
			isa = PBXGroup;
			children = (
				27B5E7C22E3EDB7D0042C0AB /* tabaxiTests.swift */,
			);
			path = tabaxiTests;
			sourceTree = "<group>";
		};
		27B5E7CB2E3EDB7D0042C0AB /* tabaxiUITests */ = {
			isa = PBXGroup;
			children = (
				27B5E7CC2E3EDB7D0042C0AB /* tabaxiUITests.swift */,
				27B5E7CE2E3EDB7D0042C0AB /* tabaxiUITestsLaunchTests.swift */,
			);
			path = tabaxiUITests;
			sourceTree = "<group>";
		};
/* End PBXGroup section */

/* Begin PBXNativeTarget section */
		27B5E7AC2E3EDB780042C0AB /* tabaxi */ = {
			isa = PBXNativeTarget;
			buildConfigurationList = 27B5E7D22E3EDB7D0042C0AB /* Build configuration list for PBXNativeTarget "tabaxi" */;
			buildPhases = (
				27B5E7A92E3EDB780042C0AB /* Sources */,
				27B5E7AA2E3EDB780042C0AB /* Frameworks */,
				27B5E7AB2E3EDB780042C0AB /* Resources */,
			);
			buildRules = (
			);
			dependencies = (
			);
			name = tabaxi;
			productName = tabaxi;
			productReference = 27B5E7AD2E3EDB780042C0AB /* tabaxi.app */;
			productType = "com.apple.product-type.application";
		};
		27B5E7BD2E3EDB7D0042C0AB /* tabaxiTests */ = {
			isa = PBXNativeTarget;
			buildConfigurationList = 27B5E7D52E3EDB7D0042C0AB /* Build configuration list for PBXNativeTarget "tabaxiTests" */;
			buildPhases = (
				27B5E7BA2E3EDB7D0042C0AB /* Sources */,
				27B5E7BB2E3EDB7D0042C0AB /* Frameworks */,
				27B5E7BC2E3EDB7D0042C0AB /* Resources */,
			);
			buildRules = (
			);
			dependencies = (
				27B5E7C02E3EDB7D0042C0AB /* PBXTargetDependency */,
			);
			name = tabaxiTests;
			productName = tabaxiTests;
			productReference = 27B5E7BE2E3EDB7D0042C0AB /* tabaxiTests.xctest */;
			productType = "com.apple.product-type.bundle.unit-test";
		};
		27B5E7C72E3EDB7D0042C0AB /* tabaxiUITests */ = {
			isa = PBXNativeTarget;
			buildConfigurationList = 27B5E7D82E3EDB7D0042C0AB /* Build configuration list for PBXNativeTarget "tabaxiUITests" */;
			buildPhases = (
				27B5E7C42E3EDB7D0042C0AB /* Sources */,
				27B5E7C52E3EDB7D0042C0AB /* Frameworks */,
				27B5E7C62E3EDB7D0042C0AB /* Resources */,
			);
			buildRules = (
			);
			dependencies = (
				27B5E7CA2E3EDB7D0042C0AB /* PBXTargetDependency */,
			);
			name = tabaxiUITests;
			productName = tabaxiUITests;
			productReference = 27B5E7C82E3EDB7D0042C0AB /* tabaxiUITests.xctest */;
			productType = "com.apple.product-type.bundle.ui-testing";
		};
/* End PBXNativeTarget section */

/* Begin PBXProject section */
		27B5E7A52E3EDB780042C0AB /* Project object */ = {
			isa = PBXProject;
			attributes = {
				BuildIndependentTargetsInParallel = 1;
				LastSwiftUpdateCheck = 1510;
				LastUpgradeCheck = 1510;
				TargetAttributes = {
					27B5E7AC2E3EDB780042C0AB = {
						CreatedOnToolsVersion = 15.1;
					};
					27B5E7BD2E3EDB7D0042C0AB = {
						CreatedOnToolsVersion = 15.1;
						TestTargetID = 27B5E7AC2E3EDB780042C0AB;
					};
					27B5E7C72E3EDB7D0042C0AB = {
						CreatedOnToolsVersion = 15.1;
						TestTargetID = 27B5E7AC2E3EDB780042C0AB;
					};
				};
			};
			buildConfigurationList = 27B5E7A82E3EDB780042C0AB /* Build configuration list for PBXProject "dnd_app" */;
			compatibilityVersion = "Xcode 14.0";
			developmentRegion = en;
			hasScannedForEncodings = 0;
			knownRegions = (
				en,
				Base,
			);
			mainGroup = 27B5E7A42E3EDB780042C0AB;
			productRefGroup = 27B5E7AE2E3EDB780042C0AB /* Products */;
			projectDirPath = "";
			projectRoot = "";
			targets = (
				27B5E7AC2E3EDB780042C0AB /* tabaxi */,
				27B5E7BD2E3EDB7D0042C0AB /* tabaxiTests */,
				27B5E7C72E3EDB7D0042C0AB /* tabaxiUITests */,
			);
		};
/* End PBXProject section */

/* Begin PBXResourcesBuildPhase section */
		27B5E7AB2E3EDB780042C0AB /* Resources */ = {
			isa = PBXResourcesBuildPhase;
			buildActionMask = 2147483647;
			files = (
				2727219E2E56F1D900985679 /* quotes.json in Resources */,
				272721AC2E56F1D900985679 /* Preview Assets.xcassets in Resources */,
				2727219C2E56F1D900985679 /* classes.json in Resources */,
				2727219D2E56F1D900985679 /* backgrounds.json in Resources */,
				2727219B2E56F1D900985679 /* feats.json in Resources */,
				272721A02E56F1D900985679 /* bestiary_5e.ndjson in Resources */,
				272721A12E56F1D900985679 /* spells.json in Resources */,
				272721A62E56F1D900985679 /* Assets.xcassets in Resources */,
				2727219F2E56F1D900985679 /* class_tables.json in Resources */,
			);
			runOnlyForDeploymentPostprocessing = 0;
		};
		27B5E7BC2E3EDB7D0042C0AB /* Resources */ = {
			isa = PBXResourcesBuildPhase;
			buildActionMask = 2147483647;
			files = (
			);
			runOnlyForDeploymentPostprocessing = 0;
		};
		27B5E7C62E3EDB7D0042C0AB /* Resources */ = {
			isa = PBXResourcesBuildPhase;
			buildActionMask = 2147483647;
			files = (
			);
			runOnlyForDeploymentPostprocessing = 0;
		};
/* End PBXResourcesBuildPhase section */

/* Begin PBXSourcesBuildPhase section */
		27B5E7A92E3EDB780042C0AB /* Sources */ = {
			isa = PBXSourcesBuildPhase;
			buildActionMask = 2147483647;
			files = (
				272721BD2E56F1D900985679 /* CompactCharacterSheetView.swift in Sources */,
				272721B62E56F1D900985679 /* CharacterClassesSection.swift in Sources */,
				272721AA2E56F1D900985679 /* CharacterExport.swift in Sources */,
				272721B72E56F1D900985679 /* ClassProgressionView.swift in Sources */,
				272721A52E56F1D900985679 /* QuoteManager.swift in Sources */,
				272721BE2E56F1D900985679 /* CharacterSelectionView.swift in Sources */,
				272721A22E56F1D900985679 /* CacheManager.swift in Sources */,
				272721C52E56F1D900985679 /* NotesView.swift in Sources */,
				272721BB2E56F1D900985679 /* CharacterEditorView.swift in Sources */,
				272721AD2E56F1D900985679 /* tabaxiApp.swift in Sources */,
				272721B42E56F1D900985679 /* InteractiveComponents.swift in Sources */,
				272721BC2E56F1D900985679 /* SharedComponents.swift in Sources */,
				272721B02E56F1D900985679 /* CommonStyles.swift in Sources */,
				272721B92E56F1D900985679 /* CharacterCreationView.swift in Sources */,
				272721C62E56F1D900985679 /* ContentView.swift in Sources */,
				272721CE2E57343B00985679 /* MarkdownExtension.swift in Sources */,
				272721BA2E56F1D900985679 /* RichTextEditor.swift in Sources */,
				272721A32E56F1D900985679 /* FavoritesManager.swift in Sources */,
				2727219A2E56F1D900985679 /* CharacterEditorComponents.swift in Sources */,
				272721C42E56F1D900985679 /* ClassExportView.swift in Sources */,
				272721AE2E56F1D900985679 /* CompendiumStore.swift in Sources */,
				272721B22E56F1D900985679 /* SettingsView.swift in Sources */,
				272721BF2E56F1D900985679 /* CompendiumView.swift in Sources */,
				272721A42E56F1D900985679 /* ThemeManager.swift in Sources */,
				272721AB2E56F1D900985679 /* DetailSection.swift in Sources */,
				272721B12E56F1D900985679 /* ClassStatsView.swift in Sources */,
				272721B32E56F1D900985679 /* JSONQuoteView.swift in Sources */,
				272721A72E56F1D900985679 /* CharacterModels.swift in Sources */,
				272721C22E56F1D900985679 /* SpellsView.swift in Sources */,
				272721B82E56F1D900985679 /* RelationshipView.swift in Sources */,
				272721C32E56F1D900985679 /* ClassFeaturesView.swift in Sources */,
				272721A92E56F1D900985679 /* QuoteModels.swift in Sources */,
				272721C82E56F1D900985679 /* ClassesStore.swift in Sources */,
				272721C12E56F1D900985679 /* CharacterSheetView.swift in Sources */,
				272721C02E56F1D900985679 /* DetailSectionView.swift in Sources */,
				272721B52E56F1D900985679 /* ClassAbilitiesSection.swift in Sources */,
				272721A82E56F1D900985679 /* Models.swift in Sources */,
			);
			runOnlyForDeploymentPostprocessing = 0;
		};
		27B5E7BA2E3EDB7D0042C0AB /* Sources */ = {
			isa = PBXSourcesBuildPhase;
			buildActionMask = 2147483647;
			files = (
				27B5E7C32E3EDB7D0042C0AB /* tabaxiTests.swift in Sources */,
			);
			runOnlyForDeploymentPostprocessing = 0;
		};
		27B5E7C42E3EDB7D0042C0AB /* Sources */ = {
			isa = PBXSourcesBuildPhase;
			buildActionMask = 2147483647;
			files = (
				27B5E7CD2E3EDB7D0042C0AB /* tabaxiUITests.swift in Sources */,
				27B5E7CF2E3EDB7D0042C0AB /* tabaxiUITestsLaunchTests.swift in Sources */,
			);
			runOnlyForDeploymentPostprocessing = 0;
		};
/* End PBXSourcesBuildPhase section */

/* Begin PBXTargetDependency section */
		27B5E7C02E3EDB7D0042C0AB /* PBXTargetDependency */ = {
			isa = PBXTargetDependency;
			target = 27B5E7AC2E3EDB780042C0AB /* tabaxi */;
			targetProxy = 27B5E7BF2E3EDB7D0042C0AB /* PBXContainerItemProxy */;
		};
		27B5E7CA2E3EDB7D0042C0AB /* PBXTargetDependency */ = {
			isa = PBXTargetDependency;
			target = 27B5E7AC2E3EDB780042C0AB /* tabaxi */;
			targetProxy = 27B5E7C92E3EDB7D0042C0AB /* PBXContainerItemProxy */;
		};
/* End PBXTargetDependency section */

/* Begin XCBuildConfiguration section */
		27B5E7D02E3EDB7D0042C0AB /* Debug */ = {
			isa = XCBuildConfiguration;
			buildSettings = {
				ALWAYS_SEARCH_USER_PATHS = NO;
				ASSETCATALOG_COMPILER_GENERATE_SWIFT_ASSET_SYMBOL_EXTENSIONS = YES;
				CLANG_ANALYZER_NONNULL = YES;
				CLANG_ANALYZER_NUMBER_OBJECT_CONVERSION = YES_AGGRESSIVE;
				CLANG_CXX_LANGUAGE_STANDARD = "gnu++20";
				CLANG_ENABLE_MODULES = YES;
				CLANG_ENABLE_OBJC_ARC = YES;
				CLANG_ENABLE_OBJC_WEAK = YES;
				CLANG_WARN_BLOCK_CAPTURE_AUTORELEASING = YES;
				CLANG_WARN_BOOL_CONVERSION = YES;
				CLANG_WARN_COMMA = YES;
				CLANG_WARN_CONSTANT_CONVERSION = YES;
				CLANG_WARN_DEPRECATED_OBJC_IMPLEMENTATIONS = YES;
				CLANG_WARN_DIRECT_OBJC_ISA_USAGE = YES_ERROR;
				CLANG_WARN_DOCUMENTATION_COMMENTS = YES;
				CLANG_WARN_EMPTY_BODY = YES;
				CLANG_WARN_ENUM_CONVERSION = YES;
				CLANG_WARN_INFINITE_RECURSION = YES;
				CLANG_WARN_INT_CONVERSION = YES;
				CLANG_WARN_NON_LITERAL_NULL_CONVERSION = YES;
				CLANG_WARN_OBJC_IMPLICIT_RETAIN_SELF = YES;
				CLANG_WARN_OBJC_LITERAL_CONVERSION = YES;
				CLANG_WARN_OBJC_ROOT_CLASS = YES_ERROR;
				CLANG_WARN_QUOTED_INCLUDE_IN_FRAMEWORK_HEADER = YES;
				CLANG_WARN_RANGE_LOOP_ANALYSIS = YES;
				CLANG_WARN_STRICT_PROTOTYPES = YES;
				CLANG_WARN_SUSPICIOUS_MOVE = YES;
				CLANG_WARN_UNGUARDED_AVAILABILITY = YES_AGGRESSIVE;
				CLANG_WARN_UNREACHABLE_CODE = YES;
				CLANG_WARN__DUPLICATE_METHOD_MATCH = YES;
				COPY_PHASE_STRIP = NO;
				DEBUG_INFORMATION_FORMAT = dwarf;
				ENABLE_STRICT_OBJC_MSGSEND = YES;
				ENABLE_TESTABILITY = YES;
				ENABLE_USER_SCRIPT_SANDBOXING = YES;
				GCC_C_LANGUAGE_STANDARD = gnu17;
				GCC_DYNAMIC_NO_PIC = NO;
				GCC_NO_COMMON_BLOCKS = YES;
				GCC_OPTIMIZATION_LEVEL = 0;
				GCC_PREPROCESSOR_DEFINITIONS = (
					"DEBUG=1",
					"$(inherited)",
				);
				GCC_WARN_64_TO_32_BIT_CONVERSION = YES;
				GCC_WARN_ABOUT_RETURN_TYPE = YES_ERROR;
				GCC_WARN_UNDECLARED_SELECTOR = YES;
				GCC_WARN_UNINITIALIZED_AUTOS = YES_AGGRESSIVE;
				GCC_WARN_UNUSED_FUNCTION = YES;
				GCC_WARN_UNUSED_VARIABLE = YES;
				LOCALIZATION_PREFERS_STRING_CATALOGS = YES;
				MTL_ENABLE_DEBUG_INFO = INCLUDE_SOURCE;
				MTL_FAST_MATH = YES;
				ONLY_ACTIVE_ARCH = YES;
				SWIFT_ACTIVE_COMPILATION_CONDITIONS = "DEBUG $(inherited)";
				SWIFT_OPTIMIZATION_LEVEL = "-Onone";
			};
			name = Debug;
		};
		27B5E7D12E3EDB7D0042C0AB /* Release */ = {
			isa = XCBuildConfiguration;
			buildSettings = {
				ALWAYS_SEARCH_USER_PATHS = NO;
				ASSETCATALOG_COMPILER_GENERATE_SWIFT_ASSET_SYMBOL_EXTENSIONS = YES;
				CLANG_ANALYZER_NONNULL = YES;
				CLANG_ANALYZER_NUMBER_OBJECT_CONVERSION = YES_AGGRESSIVE;
				CLANG_CXX_LANGUAGE_STANDARD = "gnu++20";
				CLANG_ENABLE_MODULES = YES;
				CLANG_ENABLE_OBJC_ARC = YES;
				CLANG_ENABLE_OBJC_WEAK = YES;
				CLANG_WARN_BLOCK_CAPTURE_AUTORELEASING = YES;
				CLANG_WARN_BOOL_CONVERSION = YES;
				CLANG_WARN_COMMA = YES;
				CLANG_WARN_CONSTANT_CONVERSION = YES;
				CLANG_WARN_DEPRECATED_OBJC_IMPLEMENTATIONS = YES;
				CLANG_WARN_DIRECT_OBJC_ISA_USAGE = YES_ERROR;
				CLANG_WARN_DOCUMENTATION_COMMENTS = YES;
				CLANG_WARN_EMPTY_BODY = YES;
				CLANG_WARN_ENUM_CONVERSION = YES;
				CLANG_WARN_INFINITE_RECURSION = YES;
				CLANG_WARN_INT_CONVERSION = YES;
				CLANG_WARN_NON_LITERAL_NULL_CONVERSION = YES;
				CLANG_WARN_OBJC_IMPLICIT_RETAIN_SELF = YES;
				CLANG_WARN_OBJC_LITERAL_CONVERSION = YES;
				CLANG_WARN_OBJC_ROOT_CLASS = YES_ERROR;
				CLANG_WARN_QUOTED_INCLUDE_IN_FRAMEWORK_HEADER = YES;
				CLANG_WARN_RANGE_LOOP_ANALYSIS = YES;
				CLANG_WARN_STRICT_PROTOTYPES = YES;
				CLANG_WARN_SUSPICIOUS_MOVE = YES;
				CLANG_WARN_UNGUARDED_AVAILABILITY = YES_AGGRESSIVE;
				CLANG_WARN_UNREACHABLE_CODE = YES;
				CLANG_WARN__DUPLICATE_METHOD_MATCH = YES;
				COPY_PHASE_STRIP = NO;
				DEBUG_INFORMATION_FORMAT = "dwarf-with-dsym";
				ENABLE_NS_ASSERTIONS = NO;
				ENABLE_STRICT_OBJC_MSGSEND = YES;
				ENABLE_USER_SCRIPT_SANDBOXING = YES;
				GCC_C_LANGUAGE_STANDARD = gnu17;
				GCC_NO_COMMON_BLOCKS = YES;
				GCC_WARN_64_TO_32_BIT_CONVERSION = YES;
				GCC_WARN_ABOUT_RETURN_TYPE = YES_ERROR;
				GCC_WARN_UNDECLARED_SELECTOR = YES;
				GCC_WARN_UNINITIALIZED_AUTOS = YES_AGGRESSIVE;
				GCC_WARN_UNUSED_FUNCTION = YES;
				GCC_WARN_UNUSED_VARIABLE = YES;
				LOCALIZATION_PREFERS_STRING_CATALOGS = YES;
				MTL_ENABLE_DEBUG_INFO = NO;
				MTL_FAST_MATH = YES;
				SWIFT_COMPILATION_MODE = wholemodule;
			};
			name = Release;
		};
		27B5E7D32E3EDB7D0042C0AB /* Debug */ = {
			isa = XCBuildConfiguration;
			buildSettings = {
				ASSETCATALOG_COMPILER_APPICON_NAME = AppIcon;
				ASSETCATALOG_COMPILER_GLOBAL_ACCENT_COLOR_NAME = AccentColor;
				CODE_SIGN_ENTITLEMENTS = dnd_app/tabaxi.entitlements;
				CODE_SIGN_STYLE = Automatic;
				CURRENT_PROJECT_VERSION = 1;
				DEVELOPMENT_ASSET_PATHS = "\"dnd_app/Preview Content\"";
				DEVELOPMENT_TEAM = 8MPS2T2FYR;
				ENABLE_HARDENED_RUNTIME = YES;
				ENABLE_PREVIEWS = YES;
				INFOPLIST_FILE = dnd_app/Info.plist;
				"INFOPLIST_KEY_UIApplicationSceneManifest_Generation[sdk=iphoneos*]" = YES;
				"INFOPLIST_KEY_UIApplicationSceneManifest_Generation[sdk=iphonesimulator*]" = YES;
				"INFOPLIST_KEY_UIApplicationSupportsIndirectInputEvents[sdk=iphoneos*]" = YES;
				"INFOPLIST_KEY_UIApplicationSupportsIndirectInputEvents[sdk=iphonesimulator*]" = YES;
				"INFOPLIST_KEY_UILaunchScreen_Generation[sdk=iphoneos*]" = YES;
				"INFOPLIST_KEY_UILaunchScreen_Generation[sdk=iphonesimulator*]" = YES;
				"INFOPLIST_KEY_UIStatusBarStyle[sdk=iphoneos*]" = UIStatusBarStyleDefault;
				"INFOPLIST_KEY_UIStatusBarStyle[sdk=iphonesimulator*]" = UIStatusBarStyleDefault;
				INFOPLIST_KEY_UISupportedInterfaceOrientations_iPad = "UIInterfaceOrientationPortrait UIInterfaceOrientationPortraitUpsideDown UIInterfaceOrientationLandscapeLeft UIInterfaceOrientationLandscapeRight";
				INFOPLIST_KEY_UISupportedInterfaceOrientations_iPhone = "UIInterfaceOrientationPortrait UIInterfaceOrientationLandscapeLeft UIInterfaceOrientationLandscapeRight";
				IPHONEOS_DEPLOYMENT_TARGET = 17.2;
				LD_RUNPATH_SEARCH_PATHS = "@executable_path/Frameworks";
				"LD_RUNPATH_SEARCH_PATHS[sdk=macosx*]" = "@executable_path/../Frameworks";
				MACOSX_DEPLOYMENT_TARGET = 13.7;
				MARKETING_VERSION = 1.0;
				PRODUCT_BUNDLE_IDENTIFIER = com.dndapp.tabaxi;
				PRODUCT_NAME = "$(TARGET_NAME)";
				SDKROOT = auto;
				SUPPORTED_PLATFORMS = "iphoneos iphonesimulator macosx";
				SWIFT_EMIT_LOC_STRINGS = YES;
				SWIFT_VERSION = 5.0;
				TARGETED_DEVICE_FAMILY = "1,2";
			};
			name = Debug;
		};
		27B5E7D42E3EDB7D0042C0AB /* Release */ = {
			isa = XCBuildConfiguration;
			buildSettings = {
				ASSETCATALOG_COMPILER_APPICON_NAME = AppIcon;
				ASSETCATALOG_COMPILER_GLOBAL_ACCENT_COLOR_NAME = AccentColor;
				CODE_SIGN_ENTITLEMENTS = dnd_app/tabaxi.entitlements;
				CODE_SIGN_STYLE = Automatic;
				CURRENT_PROJECT_VERSION = 1;
				DEVELOPMENT_ASSET_PATHS = "\"dnd_app/Preview Content\"";
				DEVELOPMENT_TEAM = 8MPS2T2FYR;
				ENABLE_HARDENED_RUNTIME = YES;
				ENABLE_PREVIEWS = YES;
				INFOPLIST_FILE = dnd_app/Info.plist;
				"INFOPLIST_KEY_UIApplicationSceneManifest_Generation[sdk=iphoneos*]" = YES;
				"INFOPLIST_KEY_UIApplicationSceneManifest_Generation[sdk=iphonesimulator*]" = YES;
				"INFOPLIST_KEY_UIApplicationSupportsIndirectInputEvents[sdk=iphoneos*]" = YES;
				"INFOPLIST_KEY_UIApplicationSupportsIndirectInputEvents[sdk=iphonesimulator*]" = YES;
				"INFOPLIST_KEY_UILaunchScreen_Generation[sdk=iphoneos*]" = YES;
				"INFOPLIST_KEY_UILaunchScreen_Generation[sdk=iphonesimulator*]" = YES;
				"INFOPLIST_KEY_UIStatusBarStyle[sdk=iphoneos*]" = UIStatusBarStyleDefault;
				"INFOPLIST_KEY_UIStatusBarStyle[sdk=iphonesimulator*]" = UIStatusBarStyleDefault;
				INFOPLIST_KEY_UISupportedInterfaceOrientations_iPad = "UIInterfaceOrientationPortrait UIInterfaceOrientationPortraitUpsideDown UIInterfaceOrientationLandscapeLeft UIInterfaceOrientationLandscapeRight";
				INFOPLIST_KEY_UISupportedInterfaceOrientations_iPhone = "UIInterfaceOrientationPortrait UIInterfaceOrientationLandscapeLeft UIInterfaceOrientationLandscapeRight";
				IPHONEOS_DEPLOYMENT_TARGET = 17.2;
				LD_RUNPATH_SEARCH_PATHS = "@executable_path/Frameworks";
				"LD_RUNPATH_SEARCH_PATHS[sdk=macosx*]" = "@executable_path/../Frameworks";
				MACOSX_DEPLOYMENT_TARGET = 13.7;
				MARKETING_VERSION = 1.0;
				PRODUCT_BUNDLE_IDENTIFIER = com.dndapp.tabaxi;
				PRODUCT_NAME = "$(TARGET_NAME)";
				SDKROOT = auto;
				SUPPORTED_PLATFORMS = "iphoneos iphonesimulator macosx";
				SWIFT_EMIT_LOC_STRINGS = YES;
				SWIFT_VERSION = 5.0;
				TARGETED_DEVICE_FAMILY = "1,2";
			};
			name = Release;
		};
		27B5E7D62E3EDB7D0042C0AB /* Debug */ = {
			isa = XCBuildConfiguration;
			buildSettings = {
				ALWAYS_EMBED_SWIFT_STANDARD_LIBRARIES = YES;
				BUNDLE_LOADER = "$(TEST_HOST)";
				CODE_SIGN_STYLE = Automatic;
				CURRENT_PROJECT_VERSION = 1;
				DEVELOPMENT_TEAM = 8MPS2T2FYR;
				INFOPLIST_FILE = dnd_app/Info.plist;
				IPHONEOS_DEPLOYMENT_TARGET = 17.2;
				MACOSX_DEPLOYMENT_TARGET = 13.7;
				MARKETING_VERSION = 1.0;
				PRODUCT_BUNDLE_IDENTIFIER = com.dndapp.tabaxiTests;
				PRODUCT_NAME = "$(TARGET_NAME)";
				SDKROOT = auto;
				SUPPORTED_PLATFORMS = "iphoneos iphonesimulator macosx";
				SWIFT_EMIT_LOC_STRINGS = NO;
				SWIFT_VERSION = 5.0;
				TARGETED_DEVICE_FAMILY = "1,2";
				TEST_HOST = "$(BUILT_PRODUCTS_DIR)/tabaxi.app/$(BUNDLE_EXECUTABLE_FOLDER_PATH)/tabaxi";
			};
			name = Debug;
		};
		27B5E7D72E3EDB7D0042C0AB /* Release */ = {
			isa = XCBuildConfiguration;
			buildSettings = {
				ALWAYS_EMBED_SWIFT_STANDARD_LIBRARIES = YES;
				BUNDLE_LOADER = "$(TEST_HOST)";
				CODE_SIGN_STYLE = Automatic;
				CURRENT_PROJECT_VERSION = 1;
				DEVELOPMENT_TEAM = 8MPS2T2FYR;
				INFOPLIST_FILE = dnd_app/Info.plist;
				IPHONEOS_DEPLOYMENT_TARGET = 17.2;
				MACOSX_DEPLOYMENT_TARGET = 13.7;
				MARKETING_VERSION = 1.0;
				PRODUCT_BUNDLE_IDENTIFIER = com.dndapp.tabaxiTests;
				PRODUCT_NAME = "$(TARGET_NAME)";
				SDKROOT = auto;
				SUPPORTED_PLATFORMS = "iphoneos iphonesimulator macosx";
				SWIFT_EMIT_LOC_STRINGS = NO;
				SWIFT_VERSION = 5.0;
				TARGETED_DEVICE_FAMILY = "1,2";
				TEST_HOST = "$(BUILT_PRODUCTS_DIR)/tabaxi.app/$(BUNDLE_EXECUTABLE_FOLDER_PATH)/tabaxi";
			};
			name = Release;
		};
		27B5E7D92E3EDB7D0042C0AB /* Debug */ = {
			isa = XCBuildConfiguration;
			buildSettings = {
				ALWAYS_EMBED_SWIFT_STANDARD_LIBRARIES = YES;
				CODE_SIGN_STYLE = Automatic;
				CURRENT_PROJECT_VERSION = 1;
				DEVELOPMENT_TEAM = 8MPS2T2FYR;
				INFOPLIST_FILE = dnd_app/Info.plist;
				IPHONEOS_DEPLOYMENT_TARGET = 17.2;
				MACOSX_DEPLOYMENT_TARGET = 13.7;
				MARKETING_VERSION = 1.0;
				PRODUCT_BUNDLE_IDENTIFIER = com.dndapp.tabaxiUITests;
				PRODUCT_NAME = "$(TARGET_NAME)";
				SDKROOT = auto;
				SUPPORTED_PLATFORMS = "iphoneos iphonesimulator macosx";
				SWIFT_EMIT_LOC_STRINGS = NO;
				SWIFT_VERSION = 5.0;
				TARGETED_DEVICE_FAMILY = "1,2";
				TEST_TARGET_NAME = tabaxi;
			};
			name = Debug;
		};
		27B5E7DA2E3EDB7D0042C0AB /* Release */ = {
			isa = XCBuildConfiguration;
			buildSettings = {
				ALWAYS_EMBED_SWIFT_STANDARD_LIBRARIES = YES;
				CODE_SIGN_STYLE = Automatic;
				CURRENT_PROJECT_VERSION = 1;
				DEVELOPMENT_TEAM = 8MPS2T2FYR;
				INFOPLIST_FILE = dnd_app/Info.plist;
				IPHONEOS_DEPLOYMENT_TARGET = 17.2;
				MACOSX_DEPLOYMENT_TARGET = 13.7;
				MARKETING_VERSION = 1.0;
				PRODUCT_BUNDLE_IDENTIFIER = com.dndapp.tabaxiUITests;
				PRODUCT_NAME = "$(TARGET_NAME)";
				SDKROOT = auto;
				SUPPORTED_PLATFORMS = "iphoneos iphonesimulator macosx";
				SWIFT_EMIT_LOC_STRINGS = NO;
				SWIFT_VERSION = 5.0;
				TARGETED_DEVICE_FAMILY = "1,2";
				TEST_TARGET_NAME = tabaxi;
			};
			name = Release;
		};
/* End XCBuildConfiguration section */

/* Begin XCConfigurationList section */
		27B5E7A82E3EDB780042C0AB /* Build configuration list for PBXProject "dnd_app" */ = {
			isa = XCConfigurationList;
			buildConfigurations = (
				27B5E7D02E3EDB7D0042C0AB /* Debug */,
				27B5E7D12E3EDB7D0042C0AB /* Release */,
			);
			defaultConfigurationIsVisible = 0;
			defaultConfigurationName = Release;
		};
		27B5E7D22E3EDB7D0042C0AB /* Build configuration list for PBXNativeTarget "tabaxi" */ = {
			isa = XCConfigurationList;
			buildConfigurations = (
				27B5E7D32E3EDB7D0042C0AB /* Debug */,
				27B5E7D42E3EDB7D0042C0AB /* Release */,
			);
			defaultConfigurationIsVisible = 0;
			defaultConfigurationName = Release;
		};
		27B5E7D52E3EDB7D0042C0AB /* Build configuration list for PBXNativeTarget "tabaxiTests" */ = {
			isa = XCConfigurationList;
			buildConfigurations = (
				27B5E7D62E3EDB7D0042C0AB /* Debug */,
				27B5E7D72E3EDB7D0042C0AB /* Release */,
			);
			defaultConfigurationIsVisible = 0;
			defaultConfigurationName = Release;
		};
		27B5E7D82E3EDB7D0042C0AB /* Build configuration list for PBXNativeTarget "tabaxiUITests" */ = {
			isa = XCConfigurationList;
			buildConfigurations = (
				27B5E7D92E3EDB7D0042C0AB /* Debug */,
				27B5E7DA2E3EDB7D0042C0AB /* Release */,
			);
			defaultConfigurationIsVisible = 0;
			defaultConfigurationName = Release;
		};
/* End XCConfigurationList section */
	};
	rootObject = 27B5E7A52E3EDB780042C0AB /* Project object */;
}
